// !$*UTF8*$!
{
	archiveVersion = 1;
	classes = {
	};
	objectVersion = 51;
	objects = {

/* Begin PBXBuildFile section */
		3D83CA0FB29F2998A78D8655 /* libPods-EnterpriseSafety.a in Frameworks */ = {isa = PBXBuildFile; fileRef = 0E713F215DFF7FC09AD5453E /* libPods-EnterpriseSafety.a */; };
		E501782523A3761E002AD49C /* LearnHistoryController.m in Sources */ = {isa = PBXBuildFile; fileRef = E501782423A3761E002AD49C /* LearnHistoryController.m */; };
		E501782923A382F5002AD49C /* LoginController.m in Sources */ = {isa = PBXBuildFile; fileRef = E501782823A382F5002AD49C /* LoginController.m */; };
		E501782F23A38388002AD49C /* ExamViewController.m in Sources */ = {isa = PBXBuildFile; fileRef = E501782E23A38388002AD49C /* ExamViewController.m */; };
		E501783523A383D9002AD49C /* LearnPlanDetailViewController.m in Sources */ = {isa = PBXBuildFile; fileRef = E501783423A383D9002AD49C /* LearnPlanDetailViewController.m */; };
		E501783923A38402002AD49C /* LearnVideoViewController.m in Sources */ = {isa = PBXBuildFile; fileRef = E501783823A38402002AD49C /* LearnVideoViewController.m */; };
		E501783D23A38DBE002AD49C /* MainTabBar.m in Sources */ = {isa = PBXBuildFile; fileRef = E501783C23A38DBE002AD49C /* MainTabBar.m */; };
		E51280E723A33902006C3A4A /* camera_sample@3x.png in Resources */ = {isa = PBXBuildFile; fileRef = E51280E623A33902006C3A4A /* camera_sample@3x.png */; };
		E54136FF23A9F0040025446E /* NetWorkManager.m in Sources */ = {isa = PBXBuildFile; fileRef = E54136FE23A9F0040025446E /* NetWorkManager.m */; };
		E541370323A9F7370025446E /* BaseViewController.m in Sources */ = {isa = PBXBuildFile; fileRef = E541370223A9F7370025446E /* BaseViewController.m */; };
		E54CE31F2394A236002931E4 /* MyCenterViewController.m in Sources */ = {isa = PBXBuildFile; fileRef = E54CE31E2394A236002931E4 /* MyCenterViewController.m */; };
		E54CE3222394A251002931E4 /* CourseViewController.m in Sources */ = {isa = PBXBuildFile; fileRef = E54CE3212394A251002931E4 /* CourseViewController.m */; };
		E54CE3262394C23C002931E4 /* cinema.png in Resources */ = {isa = PBXBuildFile; fileRef = E54CE3242394C23C002931E4 /* cinema.png */; };
		E54CE3272394C23C002931E4 /* movie.png in Resources */ = {isa = PBXBuildFile; fileRef = E54CE3252394C23C002931E4 /* movie.png */; };
		E55188F623B9881D0041A1F4 /* MyCoursePlaneViewController.m in Sources */ = {isa = PBXBuildFile; fileRef = E55188F523B9881D0041A1F4 /* MyCoursePlaneViewController.m */; };
		E555807023B0A6F500374DCC /* LCCircular.m in Sources */ = {isa = PBXBuildFile; fileRef = E555806F23B0A6F500374DCC /* LCCircular.m */; };
		E555807323B0A73D00374DCC /* CircularPrograss.m in Sources */ = {isa = PBXBuildFile; fileRef = E555807223B0A73D00374DCC /* CircularPrograss.m */; };
		E555807723B0CF9E00374DCC /* SplashViewController.m in Sources */ = {isa = PBXBuildFile; fileRef = E555807623B0CF9E00374DCC /* SplashViewController.m */; };
		E570F47A238F9C2B004CAF0C /* AppDelegate.m in Sources */ = {isa = PBXBuildFile; fileRef = E570F479238F9C2B004CAF0C /* AppDelegate.m */; };
		E570F483238F9C2B004CAF0C /* Main.storyboard in Resources */ = {isa = PBXBuildFile; fileRef = E570F481238F9C2B004CAF0C /* Main.storyboard */; };
		E570F485238F9C2F004CAF0C /* Assets.xcassets in Resources */ = {isa = PBXBuildFile; fileRef = E570F484238F9C2F004CAF0C /* Assets.xcassets */; };
		E570F488238F9C2F004CAF0C /* LaunchScreen.storyboard in Resources */ = {isa = PBXBuildFile; fileRef = E570F486238F9C2F004CAF0C /* LaunchScreen.storyboard */; };
		E570F48B238F9C2F004CAF0C /* main.m in Sources */ = {isa = PBXBuildFile; fileRef = E570F48A238F9C2F004CAF0C /* main.m */; };
		E5747AB923AC6DA00026CECC /* Foundation+Log.m in Sources */ = {isa = PBXBuildFile; fileRef = E5747AB823AC6DA00026CECC /* Foundation+Log.m */; };
		E575284223C70B3A00789A44 /* LearnHeaderView.m in Sources */ = {isa = PBXBuildFile; fileRef = E575284123C70B3A00789A44 /* LearnHeaderView.m */; };
		E582A08423D164C7004E5AD4 /* LearnPlaneTableView.m in Sources */ = {isa = PBXBuildFile; fileRef = E582A08323D164C7004E5AD4 /* LearnPlaneTableView.m */; };
		E582A08723D18D4C004E5AD4 /* LearnPlaneDetialBean.m in Sources */ = {isa = PBXBuildFile; fileRef = E582A08623D18D4C004E5AD4 /* LearnPlaneDetialBean.m */; };
		E586F38023D424A4003F7E04 /* LearnPlaneBeanFrame.m in Sources */ = {isa = PBXBuildFile; fileRef = E586F37F23D424A4003F7E04 /* LearnPlaneBeanFrame.m */; };
		E586F38323D433D4003F7E04 /* LearnPlaneDetailTableViewCell.m in Sources */ = {isa = PBXBuildFile; fileRef = E586F38223D433D4003F7E04 /* LearnPlaneDetailTableViewCell.m */; };
		E591232923C4246D00858D17 /* ArticleListData.m in Sources */ = {isa = PBXBuildFile; fileRef = E591232823C4246D00858D17 /* ArticleListData.m */; };
		E591232C23C4261600858D17 /* ArticleDetailBean.m in Sources */ = {isa = PBXBuildFile; fileRef = E591232B23C4261600858D17 /* ArticleDetailBean.m */; };
		E591232F23C4516600858D17 /* ArticlePageViewController.m in Sources */ = {isa = PBXBuildFile; fileRef = E591232E23C4516600858D17 /* ArticlePageViewController.m */; };
		E591233223C46A0200858D17 /* ArticleBeanFrame.m in Sources */ = {isa = PBXBuildFile; fileRef = E591233123C46A0200858D17 /* ArticleBeanFrame.m */; };
		E591233523C4787700858D17 /* ArticleDetaileTableViewCell.m in Sources */ = {isa = PBXBuildFile; fileRef = E591233423C4787700858D17 /* ArticleDetaileTableViewCell.m */; };
		E596D1F923989E6700C72F17 /* GKCycleScrollView.m in Sources */ = {isa = PBXBuildFile; fileRef = E596D1F523989E6700C72F17 /* GKCycleScrollView.m */; };
		E596D1FA23989E6700C72F17 /* GKCycleScrollViewCell.m in Sources */ = {isa = PBXBuildFile; fileRef = E596D1F823989E6700C72F17 /* GKCycleScrollViewCell.m */; };
		E5AA236423B44A4D003B89DF /* OpenCourseData.m in Sources */ = {isa = PBXBuildFile; fileRef = E5AA236323B44A4D003B89DF /* OpenCourseData.m */; };
		E5AA236723B4A039003B89DF /* OpenCourseTableViewCell.m in Sources */ = {isa = PBXBuildFile; fileRef = E5AA236623B4A039003B89DF /* OpenCourseTableViewCell.m */; };
		E5C3C157239DDB63009AB92F /* info@1.5x.png in Resources */ = {isa = PBXBuildFile; fileRef = E5C3C151239DDB62009AB92F /* info@1.5x.png */; };
		E5C3C158239DDB63009AB92F /* info@2x.png in Resources */ = {isa = PBXBuildFile; fileRef = E5C3C152239DDB62009AB92F /* info@2x.png */; };
		E5C3C159239DDB63009AB92F /* info@3x.png in Resources */ = {isa = PBXBuildFile; fileRef = E5C3C153239DDB62009AB92F /* info@3x.png */; };
		E5C3C15A239DDB63009AB92F /* account_box@2x.png in Resources */ = {isa = PBXBuildFile; fileRef = E5C3C154239DDB62009AB92F /* account_box@2x.png */; };
		E5C3C15B239DDB63009AB92F /* account_box@1.5x.png in Resources */ = {isa = PBXBuildFile; fileRef = E5C3C155239DDB62009AB92F /* account_box@1.5x.png */; };
		E5C3C174239DDB6F009AB92F /* work@2x.png in Resources */ = {isa = PBXBuildFile; fileRef = E5C3C15C239DDB6D009AB92F /* work@2x.png */; };
		E5C3C175239DDB6F009AB92F /* cellphone@2x.png in Resources */ = {isa = PBXBuildFile; fileRef = E5C3C15D239DDB6D009AB92F /* cellphone@2x.png */; };
		E5C3C176239DDB6F009AB92F /* lock@3x.png in Resources */ = {isa = PBXBuildFile; fileRef = E5C3C15E239DDB6D009AB92F /* lock@3x.png */; };
		E5C3C177239DDB6F009AB92F /* mail@2x.png in Resources */ = {isa = PBXBuildFile; fileRef = E5C3C15F239DDB6D009AB92F /* mail@2x.png */; };
		E5C3C178239DDB6F009AB92F /* mail@3x.png in Resources */ = {isa = PBXBuildFile; fileRef = E5C3C160239DDB6D009AB92F /* mail@3x.png */; };
		E5C3C179239DDB6F009AB92F /* user@2x.png in Resources */ = {isa = PBXBuildFile; fileRef = E5C3C161239DDB6D009AB92F /* user@2x.png */; };
		E5C3C17A239DDB6F009AB92F /* cellphone@1.5x.png in Resources */ = {isa = PBXBuildFile; fileRef = E5C3C162239DDB6D009AB92F /* cellphone@1.5x.png */; };
		E5C3C17B239DDB6F009AB92F /* visibility@2x.png in Resources */ = {isa = PBXBuildFile; fileRef = E5C3C163239DDB6D009AB92F /* visibility@2x.png */; };
		E5C3C17C239DDB6F009AB92F /* visibility_off@2x.png in Resources */ = {isa = PBXBuildFile; fileRef = E5C3C164239DDB6D009AB92F /* visibility_off@2x.png */; };
		E5C3C17D239DDB6F009AB92F /* visibility_off@3x.png in Resources */ = {isa = PBXBuildFile; fileRef = E5C3C165239DDB6E009AB92F /* visibility_off@3x.png */; };
		E5C3C17E239DDB6F009AB92F /* user@1.5x.png in Resources */ = {isa = PBXBuildFile; fileRef = E5C3C166239DDB6E009AB92F /* user@1.5x.png */; };
		E5C3C17F239DDB6F009AB92F /* cellphone@3x.png in Resources */ = {isa = PBXBuildFile; fileRef = E5C3C167239DDB6E009AB92F /* cellphone@3x.png */; };
		E5C3C180239DDB6F009AB92F /* user@3x.png in Resources */ = {isa = PBXBuildFile; fileRef = E5C3C168239DDB6E009AB92F /* user@3x.png */; };
		E5C3C181239DDB6F009AB92F /* visibility@1.5x.png in Resources */ = {isa = PBXBuildFile; fileRef = E5C3C169239DDB6E009AB92F /* visibility@1.5x.png */; };
		E5C3C182239DDB6F009AB92F /* work@1.5x.png in Resources */ = {isa = PBXBuildFile; fileRef = E5C3C16A239DDB6E009AB92F /* work@1.5x.png */; };
		E5C3C183239DDB6F009AB92F /* visibility_off@1.5x.png in Resources */ = {isa = PBXBuildFile; fileRef = E5C3C16B239DDB6E009AB92F /* visibility_off@1.5x.png */; };
		E5C3C184239DDB6F009AB92F /* lock@1.5x.png in Resources */ = {isa = PBXBuildFile; fileRef = E5C3C16C239DDB6E009AB92F /* lock@1.5x.png */; };
		E5C3C185239DDB6F009AB92F /* logo@1.5x.png in Resources */ = {isa = PBXBuildFile; fileRef = E5C3C16D239DDB6E009AB92F /* logo@1.5x.png */; };
		E5C3C186239DDB6F009AB92F /* logo@2x.png in Resources */ = {isa = PBXBuildFile; fileRef = E5C3C16E239DDB6E009AB92F /* logo@2x.png */; };
		E5C3C187239DDB6F009AB92F /* visibility@3x.png in Resources */ = {isa = PBXBuildFile; fileRef = E5C3C16F239DDB6F009AB92F /* visibility@3x.png */; };
		E5C3C188239DDB6F009AB92F /* mail@1.5x.png in Resources */ = {isa = PBXBuildFile; fileRef = E5C3C170239DDB6F009AB92F /* mail@1.5x.png */; };
		E5C3C189239DDB6F009AB92F /* work@3x.png in Resources */ = {isa = PBXBuildFile; fileRef = E5C3C171239DDB6F009AB92F /* work@3x.png */; };
		E5C3C18A239DDB6F009AB92F /* logo@3x.png in Resources */ = {isa = PBXBuildFile; fileRef = E5C3C172239DDB6F009AB92F /* logo@3x.png */; };
		E5C3C18B239DDB6F009AB92F /* lock@2x.png in Resources */ = {isa = PBXBuildFile; fileRef = E5C3C173239DDB6F009AB92F /* lock@2x.png */; };
		E5C3C18F239DDB79009AB92F /* launch_img@2x.png in Resources */ = {isa = PBXBuildFile; fileRef = E5C3C18C239DDB79009AB92F /* launch_img@2x.png */; };
		E5C3C190239DDB79009AB92F /* launch_img@1.5x.png in Resources */ = {isa = PBXBuildFile; fileRef = E5C3C18D239DDB79009AB92F /* launch_img@1.5x.png */; };
		E5C3C191239DDB79009AB92F /* launch_img@3x.png in Resources */ = {isa = PBXBuildFile; fileRef = E5C3C18E239DDB79009AB92F /* launch_img@3x.png */; };
		E5C3C19B239DDB84009AB92F /* empty@1.5x.png in Resources */ = {isa = PBXBuildFile; fileRef = E5C3C192239DDB83009AB92F /* empty@1.5x.png */; };
		E5C3C19C239DDB84009AB92F /* empty@3x.png in Resources */ = {isa = PBXBuildFile; fileRef = E5C3C193239DDB83009AB92F /* empty@3x.png */; };
		E5C3C19D239DDB84009AB92F /* check@2x.png in Resources */ = {isa = PBXBuildFile; fileRef = E5C3C194239DDB83009AB92F /* check@2x.png */; };
		E5C3C19E239DDB84009AB92F /* half@2x.png in Resources */ = {isa = PBXBuildFile; fileRef = E5C3C195239DDB83009AB92F /* half@2x.png */; };
		E5C3C19F239DDB84009AB92F /* check@1.5x.png in Resources */ = {isa = PBXBuildFile; fileRef = E5C3C196239DDB83009AB92F /* check@1.5x.png */; };
		E5C3C1A0239DDB84009AB92F /* empty@2x.png in Resources */ = {isa = PBXBuildFile; fileRef = E5C3C197239DDB83009AB92F /* empty@2x.png */; };
		E5C3C1A1239DDB84009AB92F /* half@1.5x.png in Resources */ = {isa = PBXBuildFile; fileRef = E5C3C198239DDB83009AB92F /* half@1.5x.png */; };
		E5C3C1A2239DDB84009AB92F /* half@3x.png in Resources */ = {isa = PBXBuildFile; fileRef = E5C3C199239DDB83009AB92F /* half@3x.png */; };
		E5C3C1A3239DDB84009AB92F /* check@3x.png in Resources */ = {isa = PBXBuildFile; fileRef = E5C3C19A239DDB84009AB92F /* check@3x.png */; };
		E5C3C1B3239DDB8B009AB92F /* replay@1.5x.png in Resources */ = {isa = PBXBuildFile; fileRef = E5C3C1A4239DDB8A009AB92F /* replay@1.5x.png */; };
		E5C3C1B4239DDB8B009AB92F /* fast_rewind@1.5x.png in Resources */ = {isa = PBXBuildFile; fileRef = E5C3C1A5239DDB8A009AB92F /* fast_rewind@1.5x.png */; };
		E5C3C1B5239DDB8B009AB92F /* replay@2x.png in Resources */ = {isa = PBXBuildFile; fileRef = E5C3C1A6239DDB8A009AB92F /* replay@2x.png */; };
		E5C3C1B6239DDB8B009AB92F /* tip@1.5x.png in Resources */ = {isa = PBXBuildFile; fileRef = E5C3C1A7239DDB8A009AB92F /* tip@1.5x.png */; };
		E5C3C1B7239DDB8B009AB92F /* tip@3x.png in Resources */ = {isa = PBXBuildFile; fileRef = E5C3C1A8239DDB8A009AB92F /* tip@3x.png */; };
		E5C3C1B8239DDB8B009AB92F /* exit_lg@3x.png in Resources */ = {isa = PBXBuildFile; fileRef = E5C3C1A9239DDB8A009AB92F /* exit_lg@3x.png */; };
		E5C3C1B9239DDB8B009AB92F /* exit_lg@2x.png in Resources */ = {isa = PBXBuildFile; fileRef = E5C3C1AA239DDB8A009AB92F /* exit_lg@2x.png */; };
		E5C3C1BA239DDB8B009AB92F /* exit_lg@1.5x.png in Resources */ = {isa = PBXBuildFile; fileRef = E5C3C1AB239DDB8B009AB92F /* exit_lg@1.5x.png */; };
		E5C3C1BB239DDB8B009AB92F /* fast_rewind@3x.png in Resources */ = {isa = PBXBuildFile; fileRef = E5C3C1AC239DDB8B009AB92F /* fast_rewind@3x.png */; };
		E5C3C1BC239DDB8B009AB92F /* fast_forward@3x.png in Resources */ = {isa = PBXBuildFile; fileRef = E5C3C1AD239DDB8B009AB92F /* fast_forward@3x.png */; };
		E5C3C1BD239DDB8B009AB92F /* fast_rewind@2x.png in Resources */ = {isa = PBXBuildFile; fileRef = E5C3C1AE239DDB8B009AB92F /* fast_rewind@2x.png */; };
		E5C3C1BE239DDB8B009AB92F /* tip@2x.png in Resources */ = {isa = PBXBuildFile; fileRef = E5C3C1AF239DDB8B009AB92F /* tip@2x.png */; };
		E5C3C1BF239DDB8B009AB92F /* fast_forward@2x.png in Resources */ = {isa = PBXBuildFile; fileRef = E5C3C1B0239DDB8B009AB92F /* fast_forward@2x.png */; };
		E5C3C1C0239DDB8B009AB92F /* replay@3x.png in Resources */ = {isa = PBXBuildFile; fileRef = E5C3C1B1239DDB8B009AB92F /* replay@3x.png */; };
		E5C3C1C1239DDB8B009AB92F /* fast_forward@1.5x.png in Resources */ = {isa = PBXBuildFile; fileRef = E5C3C1B2239DDB8B009AB92F /* fast_forward@1.5x.png */; };
		E5C3C1E8239DDB95009AB92F /* time_highlight@1.5x.png in Resources */ = {isa = PBXBuildFile; fileRef = E5C3C1C2239DDB92009AB92F /* time_highlight@1.5x.png */; };
		E5C3C1E9239DDB95009AB92F /* time_highlight@3x.png in Resources */ = {isa = PBXBuildFile; fileRef = E5C3C1C3239DDB92009AB92F /* time_highlight@3x.png */; };
		E5C3C1EA239DDB95009AB92F /* right@3x.png in Resources */ = {isa = PBXBuildFile; fileRef = E5C3C1C4239DDB92009AB92F /* right@3x.png */; };
		E5C3C1EB239DDB95009AB92F /* apps@2x.png in Resources */ = {isa = PBXBuildFile; fileRef = E5C3C1C5239DDB92009AB92F /* apps@2x.png */; };
		E5C3C1EC239DDB95009AB92F /* right@1.5x.png in Resources */ = {isa = PBXBuildFile; fileRef = E5C3C1C6239DDB92009AB92F /* right@1.5x.png */; };
		E5C3C1ED239DDB95009AB92F /* item_type_1@3x.png in Resources */ = {isa = PBXBuildFile; fileRef = E5C3C1C7239DDB92009AB92F /* item_type_1@3x.png */; };
		E5C3C1EE239DDB95009AB92F /* time@2x.png in Resources */ = {isa = PBXBuildFile; fileRef = E5C3C1C8239DDB93009AB92F /* time@2x.png */; };
		E5C3C1EF239DDB95009AB92F /* toggle@3x.png in Resources */ = {isa = PBXBuildFile; fileRef = E5C3C1C9239DDB93009AB92F /* toggle@3x.png */; };
		E5C3C1F0239DDB95009AB92F /* score_pass_bg@3x.png in Resources */ = {isa = PBXBuildFile; fileRef = E5C3C1CA239DDB93009AB92F /* score_pass_bg@3x.png */; };
		E5C3C1F1239DDB95009AB92F /* apps@3x.png in Resources */ = {isa = PBXBuildFile; fileRef = E5C3C1CB239DDB93009AB92F /* apps@3x.png */; };
		E5C3C1F2239DDB95009AB92F /* wrong@1.5x.png in Resources */ = {isa = PBXBuildFile; fileRef = E5C3C1CC239DDB93009AB92F /* wrong@1.5x.png */; };
		E5C3C1F3239DDB95009AB92F /* right@2x.png in Resources */ = {isa = PBXBuildFile; fileRef = E5C3C1CD239DDB93009AB92F /* right@2x.png */; };
		E5C3C1F4239DDB95009AB92F /* item_type_2@2x.png in Resources */ = {isa = PBXBuildFile; fileRef = E5C3C1CE239DDB93009AB92F /* item_type_2@2x.png */; };
		E5C3C1F5239DDB95009AB92F /* upload@1.5x.png in Resources */ = {isa = PBXBuildFile; fileRef = E5C3C1CF239DDB93009AB92F /* upload@1.5x.png */; };
		E5C3C1F6239DDB95009AB92F /* toggle@2x.png in Resources */ = {isa = PBXBuildFile; fileRef = E5C3C1D0239DDB93009AB92F /* toggle@2x.png */; };
		E5C3C1F7239DDB95009AB92F /* error@3x.png in Resources */ = {isa = PBXBuildFile; fileRef = E5C3C1D1239DDB93009AB92F /* error@3x.png */; };
		E5C3C1F8239DDB95009AB92F /* wrong@2x.png in Resources */ = {isa = PBXBuildFile; fileRef = E5C3C1D2239DDB93009AB92F /* wrong@2x.png */; };
		E5C3C1F9239DDB95009AB92F /* error@1.5x.png in Resources */ = {isa = PBXBuildFile; fileRef = E5C3C1D3239DDB94009AB92F /* error@1.5x.png */; };
		E5C3C1FA239DDB95009AB92F /* item_type_3@3x.png in Resources */ = {isa = PBXBuildFile; fileRef = E5C3C1D4239DDB94009AB92F /* item_type_3@3x.png */; };
		E5C3C1FB239DDB95009AB92F /* correct@1.5x.png in Resources */ = {isa = PBXBuildFile; fileRef = E5C3C1D5239DDB94009AB92F /* correct@1.5x.png */; };
		E5C3C1FC239DDB95009AB92F /* item_type_3@2x.png in Resources */ = {isa = PBXBuildFile; fileRef = E5C3C1D6239DDB94009AB92F /* item_type_3@2x.png */; };
		E5C3C1FD239DDB95009AB92F /* item_type_2@1.5x.png in Resources */ = {isa = PBXBuildFile; fileRef = E5C3C1D7239DDB94009AB92F /* item_type_2@1.5x.png */; };
		E5C3C1FE239DDB95009AB92F /* wrong@3x.png in Resources */ = {isa = PBXBuildFile; fileRef = E5C3C1D8239DDB94009AB92F /* wrong@3x.png */; };
		E5C3C1FF239DDB95009AB92F /* upload@3x.png in Resources */ = {isa = PBXBuildFile; fileRef = E5C3C1D9239DDB94009AB92F /* upload@3x.png */; };
		E5C3C200239DDB95009AB92F /* apps@1.5x.png in Resources */ = {isa = PBXBuildFile; fileRef = E5C3C1DA239DDB94009AB92F /* apps@1.5x.png */; };
		E5C3C201239DDB95009AB92F /* item_type_3@1.5x.png in Resources */ = {isa = PBXBuildFile; fileRef = E5C3C1DB239DDB94009AB92F /* item_type_3@1.5x.png */; };
		E5C3C202239DDB95009AB92F /* item_type_1@2x.png in Resources */ = {isa = PBXBuildFile; fileRef = E5C3C1DC239DDB94009AB92F /* item_type_1@2x.png */; };
		E5C3C203239DDB95009AB92F /* correct@3x.png in Resources */ = {isa = PBXBuildFile; fileRef = E5C3C1DD239DDB94009AB92F /* correct@3x.png */; };
		E5C3C204239DDB95009AB92F /* correct@2x.png in Resources */ = {isa = PBXBuildFile; fileRef = E5C3C1DE239DDB94009AB92F /* correct@2x.png */; };
		E5C3C205239DDB95009AB92F /* time@1.5x.png in Resources */ = {isa = PBXBuildFile; fileRef = E5C3C1DF239DDB95009AB92F /* time@1.5x.png */; };
		E5C3C206239DDB95009AB92F /* toggle@1.5x.png in Resources */ = {isa = PBXBuildFile; fileRef = E5C3C1E0239DDB95009AB92F /* toggle@1.5x.png */; };
		E5C3C207239DDB95009AB92F /* error@2x.png in Resources */ = {isa = PBXBuildFile; fileRef = E5C3C1E1239DDB95009AB92F /* error@2x.png */; };
		E5C3C208239DDB95009AB92F /* score_fail_bg@3x.png in Resources */ = {isa = PBXBuildFile; fileRef = E5C3C1E2239DDB95009AB92F /* score_fail_bg@3x.png */; };
		E5C3C209239DDB95009AB92F /* item_type_1@1.5x.png in Resources */ = {isa = PBXBuildFile; fileRef = E5C3C1E3239DDB95009AB92F /* item_type_1@1.5x.png */; };
		E5C3C20A239DDB95009AB92F /* item_type_2@3x.png in Resources */ = {isa = PBXBuildFile; fileRef = E5C3C1E4239DDB95009AB92F /* item_type_2@3x.png */; };
		E5C3C20B239DDB95009AB92F /* upload@2x.png in Resources */ = {isa = PBXBuildFile; fileRef = E5C3C1E5239DDB95009AB92F /* upload@2x.png */; };
		E5C3C20C239DDB95009AB92F /* time@3x.png in Resources */ = {isa = PBXBuildFile; fileRef = E5C3C1E6239DDB95009AB92F /* time@3x.png */; };
		E5C3C20D239DDB95009AB92F /* time_highlight@2x.png in Resources */ = {isa = PBXBuildFile; fileRef = E5C3C1E7239DDB95009AB92F /* time_highlight@2x.png */; };
		E5C3C211239DDB98009AB92F /* chat@1.5x.png in Resources */ = {isa = PBXBuildFile; fileRef = E5C3C20E239DDB98009AB92F /* chat@1.5x.png */; };
		E5C3C212239DDB98009AB92F /* chat@2x.png in Resources */ = {isa = PBXBuildFile; fileRef = E5C3C20F239DDB98009AB92F /* chat@2x.png */; };
		E5C3C213239DDB98009AB92F /* chat@3x.png in Resources */ = {isa = PBXBuildFile; fileRef = E5C3C210239DDB98009AB92F /* chat@3x.png */; };
		E5C3C21E239DDBA0009AB92F /* cart@1.5x.png in Resources */ = {isa = PBXBuildFile; fileRef = E5C3C215239DDB9F009AB92F /* cart@1.5x.png */; };
		E5C3C21F239DDBA0009AB92F /* exit@1.5x.png in Resources */ = {isa = PBXBuildFile; fileRef = E5C3C216239DDB9F009AB92F /* exit@1.5x.png */; };
		E5C3C220239DDBA0009AB92F /* exit@2x.png in Resources */ = {isa = PBXBuildFile; fileRef = E5C3C217239DDB9F009AB92F /* exit@2x.png */; };
		E5C3C222239DDBA0009AB92F /* cart@3x.png in Resources */ = {isa = PBXBuildFile; fileRef = E5C3C219239DDBA0009AB92F /* cart@3x.png */; };
		E5C3C223239DDBA0009AB92F /* account_box@3x.png in Resources */ = {isa = PBXBuildFile; fileRef = E5C3C21A239DDBA0009AB92F /* account_box@3x.png */; };
		E5C3C224239DDBA0009AB92F /* exit@3x.png in Resources */ = {isa = PBXBuildFile; fileRef = E5C3C21B239DDBA0009AB92F /* exit@3x.png */; };
		E5C3C225239DDBA0009AB92F /* cart@2x.png in Resources */ = {isa = PBXBuildFile; fileRef = E5C3C21C239DDBA0009AB92F /* cart@2x.png */; };
		E5C3C23B239DDBAC009AB92F /* passed@1.5x.png in Resources */ = {isa = PBXBuildFile; fileRef = E5C3C226239DDBA9009AB92F /* passed@1.5x.png */; };
		E5C3C23C239DDBAC009AB92F /* failed@3x.png in Resources */ = {isa = PBXBuildFile; fileRef = E5C3C227239DDBA9009AB92F /* failed@3x.png */; };
		E5C3C23D239DDBAC009AB92F /* refresh@3x.png in Resources */ = {isa = PBXBuildFile; fileRef = E5C3C228239DDBA9009AB92F /* refresh@3x.png */; };
		E5C3C23E239DDBAC009AB92F /* description@2x.png in Resources */ = {isa = PBXBuildFile; fileRef = E5C3C229239DDBAA009AB92F /* description@2x.png */; };
		E5C3C23F239DDBAC009AB92F /* clear@2x.png in Resources */ = {isa = PBXBuildFile; fileRef = E5C3C22A239DDBAA009AB92F /* clear@2x.png */; };
		E5C3C240239DDBAC009AB92F /* arrow_r@1.5x.png in Resources */ = {isa = PBXBuildFile; fileRef = E5C3C22B239DDBAA009AB92F /* arrow_r@1.5x.png */; };
		E5C3C241239DDBAC009AB92F /* description@3x.png in Resources */ = {isa = PBXBuildFile; fileRef = E5C3C22C239DDBAA009AB92F /* description@3x.png */; };
		E5C3C242239DDBAC009AB92F /* failed@2x.png in Resources */ = {isa = PBXBuildFile; fileRef = E5C3C22D239DDBAA009AB92F /* failed@2x.png */; };
		E5C3C243239DDBAC009AB92F /* passed@2x.png in Resources */ = {isa = PBXBuildFile; fileRef = E5C3C22E239DDBAA009AB92F /* passed@2x.png */; };
		E5C3C244239DDBAC009AB92F /* arrow_l@1.5x.png in Resources */ = {isa = PBXBuildFile; fileRef = E5C3C22F239DDBAA009AB92F /* arrow_l@1.5x.png */; };
		E5C3C245239DDBAC009AB92F /* refresh@2x.png in Resources */ = {isa = PBXBuildFile; fileRef = E5C3C230239DDBAA009AB92F /* refresh@2x.png */; };
		E5C3C246239DDBAC009AB92F /* arrow_r@2x.png in Resources */ = {isa = PBXBuildFile; fileRef = E5C3C231239DDBAB009AB92F /* arrow_r@2x.png */; };
		E5C3C247239DDBAC009AB92F /* refresh@1.5x.png in Resources */ = {isa = PBXBuildFile; fileRef = E5C3C232239DDBAB009AB92F /* refresh@1.5x.png */; };
		E5C3C248239DDBAC009AB92F /* description@1.5x.png in Resources */ = {isa = PBXBuildFile; fileRef = E5C3C233239DDBAB009AB92F /* description@1.5x.png */; };
		E5C3C249239DDBAC009AB92F /* passed@3x.png in Resources */ = {isa = PBXBuildFile; fileRef = E5C3C234239DDBAB009AB92F /* passed@3x.png */; };
		E5C3C24A239DDBAC009AB92F /* clear@1.5x.png in Resources */ = {isa = PBXBuildFile; fileRef = E5C3C235239DDBAB009AB92F /* clear@1.5x.png */; };
		E5C3C24B239DDBAC009AB92F /* arrow_l@2x.png in Resources */ = {isa = PBXBuildFile; fileRef = E5C3C236239DDBAB009AB92F /* arrow_l@2x.png */; };
		E5C3C24C239DDBAC009AB92F /* arrow_r@3x.png in Resources */ = {isa = PBXBuildFile; fileRef = E5C3C237239DDBAB009AB92F /* arrow_r@3x.png */; };
		E5C3C24D239DDBAC009AB92F /* failed@1.5x.png in Resources */ = {isa = PBXBuildFile; fileRef = E5C3C238239DDBAB009AB92F /* failed@1.5x.png */; };
		E5C3C24E239DDBAC009AB92F /* clear@3x.png in Resources */ = {isa = PBXBuildFile; fileRef = E5C3C239239DDBAB009AB92F /* clear@3x.png */; };
		E5C3C24F239DDBAC009AB92F /* arrow_l@3x.png in Resources */ = {isa = PBXBuildFile; fileRef = E5C3C23A239DDBAC009AB92F /* arrow_l@3x.png */; };
		E5CB19D823C5A5C900D021F2 /* LoadMoreFooterView.m in Sources */ = {isa = PBXBuildFile; fileRef = E5CB19D723C5A5C900D021F2 /* LoadMoreFooterView.m */; };
		E5CB19DB23C5AE4900D021F2 /* EmptyContentView.m in Sources */ = {isa = PBXBuildFile; fileRef = E5CB19DA23C5AE4900D021F2 /* EmptyContentView.m */; };
		E5E06DE123B1DB50004FBF24 /* LCUtils.m in Sources */ = {isa = PBXBuildFile; fileRef = E5E06DE023B1DB50004FBF24 /* LCUtils.m */; };
		E5E7DD8423A4D3590084EF90 /* learn_history@3x.png in Resources */ = {isa = PBXBuildFile; fileRef = E5E7DD8323A4D3590084EF90 /* learn_history@3x.png */; };
		E5EE3B2A23BED20400242C16 /* OpenCourseFrame.m in Sources */ = {isa = PBXBuildFile; fileRef = E5EE3B2923BED20400242C16 /* OpenCourseFrame.m */; };
		E5EE3B2D23BF465D00242C16 /* OpenCourseTableVIewTitleTableViewCell.m in Sources */ = {isa = PBXBuildFile; fileRef = E5EE3B2C23BF465D00242C16 /* OpenCourseTableVIewTitleTableViewCell.m */; };
		E5EE3B3023BF55D900242C16 /* LoadMoreTableViewCell.m in Sources */ = {isa = PBXBuildFile; fileRef = E5EE3B2F23BF55D900242C16 /* LoadMoreTableViewCell.m */; };
/* End PBXBuildFile section */

/* Begin PBXFileReference section */
		0E713F215DFF7FC09AD5453E /* libPods-EnterpriseSafety.a */ = {isa = PBXFileReference; explicitFileType = archive.ar; includeInIndex = 0; path = "libPods-EnterpriseSafety.a"; sourceTree = BUILT_PRODUCTS_DIR; };
		1B7F7829590936439CDC05DA /* Pods-EnterpriseSafety.release.xcconfig */ = {isa = PBXFileReference; includeInIndex = 1; lastKnownFileType = text.xcconfig; name = "Pods-EnterpriseSafety.release.xcconfig"; path = "Target Support Files/Pods-EnterpriseSafety/Pods-EnterpriseSafety.release.xcconfig"; sourceTree = "<group>"; };
		E501782323A3761E002AD49C /* LearnHistoryController.h */ = {isa = PBXFileReference; lastKnownFileType = sourcecode.c.h; path = LearnHistoryController.h; sourceTree = "<group>"; };
		E501782423A3761E002AD49C /* LearnHistoryController.m */ = {isa = PBXFileReference; lastKnownFileType = sourcecode.c.objc; path = LearnHistoryController.m; sourceTree = "<group>"; };
		E501782723A382F5002AD49C /* LoginController.h */ = {isa = PBXFileReference; lastKnownFileType = sourcecode.c.h; path = LoginController.h; sourceTree = "<group>"; };
		E501782823A382F5002AD49C /* LoginController.m */ = {isa = PBXFileReference; lastKnownFileType = sourcecode.c.objc; path = LoginController.m; sourceTree = "<group>"; };
		E501782D23A38388002AD49C /* ExamViewController.h */ = {isa = PBXFileReference; lastKnownFileType = sourcecode.c.h; path = ExamViewController.h; sourceTree = "<group>"; };
		E501782E23A38388002AD49C /* ExamViewController.m */ = {isa = PBXFileReference; lastKnownFileType = sourcecode.c.objc; path = ExamViewController.m; sourceTree = "<group>"; };
		E501783323A383D9002AD49C /* LearnPlanDetailViewController.h */ = {isa = PBXFileReference; lastKnownFileType = sourcecode.c.h; path = LearnPlanDetailViewController.h; sourceTree = "<group>"; };
		E501783423A383D9002AD49C /* LearnPlanDetailViewController.m */ = {isa = PBXFileReference; lastKnownFileType = sourcecode.c.objc; path = LearnPlanDetailViewController.m; sourceTree = "<group>"; };
		E501783723A38402002AD49C /* LearnVideoViewController.h */ = {isa = PBXFileReference; lastKnownFileType = sourcecode.c.h; path = LearnVideoViewController.h; sourceTree = "<group>"; };
		E501783823A38402002AD49C /* LearnVideoViewController.m */ = {isa = PBXFileReference; lastKnownFileType = sourcecode.c.objc; path = LearnVideoViewController.m; sourceTree = "<group>"; };
		E501783B23A38DBE002AD49C /* MainTabBar.h */ = {isa = PBXFileReference; lastKnownFileType = sourcecode.c.h; path = MainTabBar.h; sourceTree = "<group>"; };
		E501783C23A38DBE002AD49C /* MainTabBar.m */ = {isa = PBXFileReference; lastKnownFileType = sourcecode.c.objc; path = MainTabBar.m; sourceTree = "<group>"; };
		E51280E623A33902006C3A4A /* camera_sample@3x.png */ = {isa = PBXFileReference; lastKnownFileType = image.png; path = "camera_sample@3x.png"; sourceTree = "<group>"; };
		E54136FD23A9F0040025446E /* NetWorkManager.h */ = {isa = PBXFileReference; lastKnownFileType = sourcecode.c.h; path = NetWorkManager.h; sourceTree = "<group>"; };
		E54136FE23A9F0040025446E /* NetWorkManager.m */ = {isa = PBXFileReference; lastKnownFileType = sourcecode.c.objc; path = NetWorkManager.m; sourceTree = "<group>"; };
		E541370123A9F7370025446E /* BaseViewController.h */ = {isa = PBXFileReference; lastKnownFileType = sourcecode.c.h; path = BaseViewController.h; sourceTree = "<group>"; };
		E541370223A9F7370025446E /* BaseViewController.m */ = {isa = PBXFileReference; lastKnownFileType = sourcecode.c.objc; path = BaseViewController.m; sourceTree = "<group>"; };
		E54CE31D2394A236002931E4 /* MyCenterViewController.h */ = {isa = PBXFileReference; lastKnownFileType = sourcecode.c.h; path = MyCenterViewController.h; sourceTree = "<group>"; };
		E54CE31E2394A236002931E4 /* MyCenterViewController.m */ = {isa = PBXFileReference; lastKnownFileType = sourcecode.c.objc; path = MyCenterViewController.m; sourceTree = "<group>"; };
		E54CE3202394A251002931E4 /* CourseViewController.h */ = {isa = PBXFileReference; lastKnownFileType = sourcecode.c.h; path = CourseViewController.h; sourceTree = "<group>"; };
		E54CE3212394A251002931E4 /* CourseViewController.m */ = {isa = PBXFileReference; lastKnownFileType = sourcecode.c.objc; path = CourseViewController.m; sourceTree = "<group>"; };
		E54CE3242394C23C002931E4 /* cinema.png */ = {isa = PBXFileReference; lastKnownFileType = image.png; path = cinema.png; sourceTree = "<group>"; };
		E54CE3252394C23C002931E4 /* movie.png */ = {isa = PBXFileReference; lastKnownFileType = image.png; path = movie.png; sourceTree = "<group>"; };
		E55188F423B9881D0041A1F4 /* MyCoursePlaneViewController.h */ = {isa = PBXFileReference; lastKnownFileType = sourcecode.c.h; path = MyCoursePlaneViewController.h; sourceTree = "<group>"; };
		E55188F523B9881D0041A1F4 /* MyCoursePlaneViewController.m */ = {isa = PBXFileReference; lastKnownFileType = sourcecode.c.objc; path = MyCoursePlaneViewController.m; sourceTree = "<group>"; };
		E555806E23B0A6F500374DCC /* LCCircular.h */ = {isa = PBXFileReference; lastKnownFileType = sourcecode.c.h; path = LCCircular.h; sourceTree = "<group>"; };
		E555806F23B0A6F500374DCC /* LCCircular.m */ = {isa = PBXFileReference; lastKnownFileType = sourcecode.c.objc; path = LCCircular.m; sourceTree = "<group>"; };
		E555807123B0A73D00374DCC /* CircularPrograss.h */ = {isa = PBXFileReference; lastKnownFileType = sourcecode.c.h; path = CircularPrograss.h; sourceTree = "<group>"; };
		E555807223B0A73D00374DCC /* CircularPrograss.m */ = {isa = PBXFileReference; lastKnownFileType = sourcecode.c.objc; path = CircularPrograss.m; sourceTree = "<group>"; };
		E555807523B0CF9E00374DCC /* SplashViewController.h */ = {isa = PBXFileReference; lastKnownFileType = sourcecode.c.h; path = SplashViewController.h; sourceTree = "<group>"; };
		E555807623B0CF9E00374DCC /* SplashViewController.m */ = {isa = PBXFileReference; lastKnownFileType = sourcecode.c.objc; path = SplashViewController.m; sourceTree = "<group>"; };
		E570F475238F9C2B004CAF0C /* EnterpriseSafety.app */ = {isa = PBXFileReference; explicitFileType = wrapper.application; includeInIndex = 0; path = EnterpriseSafety.app; sourceTree = BUILT_PRODUCTS_DIR; };
		E570F478238F9C2B004CAF0C /* AppDelegate.h */ = {isa = PBXFileReference; lastKnownFileType = sourcecode.c.h; path = AppDelegate.h; sourceTree = "<group>"; };
		E570F479238F9C2B004CAF0C /* AppDelegate.m */ = {isa = PBXFileReference; lastKnownFileType = sourcecode.c.objc; path = AppDelegate.m; sourceTree = "<group>"; };
		E570F482238F9C2B004CAF0C /* Base */ = {isa = PBXFileReference; lastKnownFileType = file.storyboard; name = Base; path = Base.lproj/Main.storyboard; sourceTree = "<group>"; };
		E570F484238F9C2F004CAF0C /* Assets.xcassets */ = {isa = PBXFileReference; lastKnownFileType = folder.assetcatalog; path = Assets.xcassets; sourceTree = "<group>"; };
		E570F487238F9C2F004CAF0C /* Base */ = {isa = PBXFileReference; lastKnownFileType = file.storyboard; name = Base; path = Base.lproj/LaunchScreen.storyboard; sourceTree = "<group>"; };
		E570F489238F9C2F004CAF0C /* Info.plist */ = {isa = PBXFileReference; lastKnownFileType = text.plist.xml; path = Info.plist; sourceTree = "<group>"; };
		E570F48A238F9C2F004CAF0C /* main.m */ = {isa = PBXFileReference; lastKnownFileType = sourcecode.c.objc; path = main.m; sourceTree = "<group>"; };
		E5747AB823AC6DA00026CECC /* Foundation+Log.m */ = {isa = PBXFileReference; fileEncoding = 4; lastKnownFileType = sourcecode.c.objc; path = "Foundation+Log.m"; sourceTree = "<group>"; };
		E575284023C70B3A00789A44 /* LearnHeaderView.h */ = {isa = PBXFileReference; lastKnownFileType = sourcecode.c.h; path = LearnHeaderView.h; sourceTree = "<group>"; };
		E575284123C70B3A00789A44 /* LearnHeaderView.m */ = {isa = PBXFileReference; lastKnownFileType = sourcecode.c.objc; path = LearnHeaderView.m; sourceTree = "<group>"; };
		E582A08223D164C7004E5AD4 /* LearnPlaneTableView.h */ = {isa = PBXFileReference; lastKnownFileType = sourcecode.c.h; path = LearnPlaneTableView.h; sourceTree = "<group>"; };
		E582A08323D164C7004E5AD4 /* LearnPlaneTableView.m */ = {isa = PBXFileReference; lastKnownFileType = sourcecode.c.objc; path = LearnPlaneTableView.m; sourceTree = "<group>"; };
		E582A08523D18D4C004E5AD4 /* LearnPlaneDetialBean.h */ = {isa = PBXFileReference; lastKnownFileType = sourcecode.c.h; path = LearnPlaneDetialBean.h; sourceTree = "<group>"; };
		E582A08623D18D4C004E5AD4 /* LearnPlaneDetialBean.m */ = {isa = PBXFileReference; lastKnownFileType = sourcecode.c.objc; path = LearnPlaneDetialBean.m; sourceTree = "<group>"; };
		E586F37E23D424A4003F7E04 /* LearnPlaneBeanFrame.h */ = {isa = PBXFileReference; lastKnownFileType = sourcecode.c.h; path = LearnPlaneBeanFrame.h; sourceTree = "<group>"; };
		E586F37F23D424A4003F7E04 /* LearnPlaneBeanFrame.m */ = {isa = PBXFileReference; lastKnownFileType = sourcecode.c.objc; path = LearnPlaneBeanFrame.m; sourceTree = "<group>"; };
		E586F38123D433D4003F7E04 /* LearnPlaneDetailTableViewCell.h */ = {isa = PBXFileReference; lastKnownFileType = sourcecode.c.h; path = LearnPlaneDetailTableViewCell.h; sourceTree = "<group>"; };
		E586F38223D433D4003F7E04 /* LearnPlaneDetailTableViewCell.m */ = {isa = PBXFileReference; lastKnownFileType = sourcecode.c.objc; path = LearnPlaneDetailTableViewCell.m; sourceTree = "<group>"; };
		E591232723C4246D00858D17 /* ArticleListData.h */ = {isa = PBXFileReference; lastKnownFileType = sourcecode.c.h; path = ArticleListData.h; sourceTree = "<group>"; };
		E591232823C4246D00858D17 /* ArticleListData.m */ = {isa = PBXFileReference; lastKnownFileType = sourcecode.c.objc; path = ArticleListData.m; sourceTree = "<group>"; };
		E591232A23C4261600858D17 /* ArticleDetailBean.h */ = {isa = PBXFileReference; lastKnownFileType = sourcecode.c.h; path = ArticleDetailBean.h; sourceTree = "<group>"; };
		E591232B23C4261600858D17 /* ArticleDetailBean.m */ = {isa = PBXFileReference; lastKnownFileType = sourcecode.c.objc; path = ArticleDetailBean.m; sourceTree = "<group>"; };
		E591232D23C4516600858D17 /* ArticlePageViewController.h */ = {isa = PBXFileReference; lastKnownFileType = sourcecode.c.h; path = ArticlePageViewController.h; sourceTree = "<group>"; };
		E591232E23C4516600858D17 /* ArticlePageViewController.m */ = {isa = PBXFileReference; lastKnownFileType = sourcecode.c.objc; path = ArticlePageViewController.m; sourceTree = "<group>"; };
		E591233023C46A0200858D17 /* ArticleBeanFrame.h */ = {isa = PBXFileReference; lastKnownFileType = sourcecode.c.h; path = ArticleBeanFrame.h; sourceTree = "<group>"; };
		E591233123C46A0200858D17 /* ArticleBeanFrame.m */ = {isa = PBXFileReference; lastKnownFileType = sourcecode.c.objc; path = ArticleBeanFrame.m; sourceTree = "<group>"; };
		E591233323C4787700858D17 /* ArticleDetaileTableViewCell.h */ = {isa = PBXFileReference; lastKnownFileType = sourcecode.c.h; path = ArticleDetaileTableViewCell.h; sourceTree = "<group>"; };
		E591233423C4787700858D17 /* ArticleDetaileTableViewCell.m */ = {isa = PBXFileReference; lastKnownFileType = sourcecode.c.objc; path = ArticleDetaileTableViewCell.m; sourceTree = "<group>"; };
		E596D1F523989E6700C72F17 /* GKCycleScrollView.m */ = {isa = PBXFileReference; fileEncoding = 4; lastKnownFileType = sourcecode.c.objc; path = GKCycleScrollView.m; sourceTree = "<group>"; };
		E596D1F623989E6700C72F17 /* GKCycleScrollViewCell.h */ = {isa = PBXFileReference; fileEncoding = 4; lastKnownFileType = sourcecode.c.h; path = GKCycleScrollViewCell.h; sourceTree = "<group>"; };
		E596D1F723989E6700C72F17 /* GKCycleScrollView.h */ = {isa = PBXFileReference; fileEncoding = 4; lastKnownFileType = sourcecode.c.h; path = GKCycleScrollView.h; sourceTree = "<group>"; };
		E596D1F823989E6700C72F17 /* GKCycleScrollViewCell.m */ = {isa = PBXFileReference; fileEncoding = 4; lastKnownFileType = sourcecode.c.objc; path = GKCycleScrollViewCell.m; sourceTree = "<group>"; };
		E596D1FC2398A73A00C72F17 /* PrefixHeader.pch */ = {isa = PBXFileReference; lastKnownFileType = sourcecode.c.h; path = PrefixHeader.pch; sourceTree = "<group>"; };
		E5AA236223B44A4D003B89DF /* OpenCourseData.h */ = {isa = PBXFileReference; lastKnownFileType = sourcecode.c.h; path = OpenCourseData.h; sourceTree = "<group>"; };
		E5AA236323B44A4D003B89DF /* OpenCourseData.m */ = {isa = PBXFileReference; lastKnownFileType = sourcecode.c.objc; path = OpenCourseData.m; sourceTree = "<group>"; };
		E5AA236523B4A039003B89DF /* OpenCourseTableViewCell.h */ = {isa = PBXFileReference; lastKnownFileType = sourcecode.c.h; path = OpenCourseTableViewCell.h; sourceTree = "<group>"; };
		E5AA236623B4A039003B89DF /* OpenCourseTableViewCell.m */ = {isa = PBXFileReference; lastKnownFileType = sourcecode.c.objc; path = OpenCourseTableViewCell.m; sourceTree = "<group>"; };
		E5AD4812239A3CFB0074EBCD /* Header.h */ = {isa = PBXFileReference; lastKnownFileType = sourcecode.c.h; path = Header.h; sourceTree = "<group>"; };
		E5C3C151239DDB62009AB92F /* info@1.5x.png */ = {isa = PBXFileReference; lastKnownFileType = image.png; path = "info@1.5x.png"; sourceTree = "<group>"; };
		E5C3C152239DDB62009AB92F /* info@2x.png */ = {isa = PBXFileReference; lastKnownFileType = image.png; path = "info@2x.png"; sourceTree = "<group>"; };
		E5C3C153239DDB62009AB92F /* info@3x.png */ = {isa = PBXFileReference; lastKnownFileType = image.png; path = "info@3x.png"; sourceTree = "<group>"; };
		E5C3C154239DDB62009AB92F /* account_box@2x.png */ = {isa = PBXFileReference; lastKnownFileType = image.png; path = "account_box@2x.png"; sourceTree = "<group>"; };
		E5C3C155239DDB62009AB92F /* account_box@1.5x.png */ = {isa = PBXFileReference; lastKnownFileType = image.png; path = "account_box@1.5x.png"; sourceTree = "<group>"; };
		E5C3C15C239DDB6D009AB92F /* work@2x.png */ = {isa = PBXFileReference; lastKnownFileType = image.png; path = "work@2x.png"; sourceTree = "<group>"; };
		E5C3C15D239DDB6D009AB92F /* cellphone@2x.png */ = {isa = PBXFileReference; lastKnownFileType = image.png; path = "cellphone@2x.png"; sourceTree = "<group>"; };
		E5C3C15E239DDB6D009AB92F /* lock@3x.png */ = {isa = PBXFileReference; lastKnownFileType = image.png; path = "lock@3x.png"; sourceTree = "<group>"; };
		E5C3C15F239DDB6D009AB92F /* mail@2x.png */ = {isa = PBXFileReference; lastKnownFileType = image.png; path = "mail@2x.png"; sourceTree = "<group>"; };
		E5C3C160239DDB6D009AB92F /* mail@3x.png */ = {isa = PBXFileReference; lastKnownFileType = image.png; path = "mail@3x.png"; sourceTree = "<group>"; };
		E5C3C161239DDB6D009AB92F /* user@2x.png */ = {isa = PBXFileReference; lastKnownFileType = image.png; path = "user@2x.png"; sourceTree = "<group>"; };
		E5C3C162239DDB6D009AB92F /* cellphone@1.5x.png */ = {isa = PBXFileReference; lastKnownFileType = image.png; path = "cellphone@1.5x.png"; sourceTree = "<group>"; };
		E5C3C163239DDB6D009AB92F /* visibility@2x.png */ = {isa = PBXFileReference; lastKnownFileType = image.png; path = "visibility@2x.png"; sourceTree = "<group>"; };
		E5C3C164239DDB6D009AB92F /* visibility_off@2x.png */ = {isa = PBXFileReference; lastKnownFileType = image.png; path = "visibility_off@2x.png"; sourceTree = "<group>"; };
		E5C3C165239DDB6E009AB92F /* visibility_off@3x.png */ = {isa = PBXFileReference; lastKnownFileType = image.png; path = "visibility_off@3x.png"; sourceTree = "<group>"; };
		E5C3C166239DDB6E009AB92F /* user@1.5x.png */ = {isa = PBXFileReference; lastKnownFileType = image.png; path = "user@1.5x.png"; sourceTree = "<group>"; };
		E5C3C167239DDB6E009AB92F /* cellphone@3x.png */ = {isa = PBXFileReference; lastKnownFileType = image.png; path = "cellphone@3x.png"; sourceTree = "<group>"; };
		E5C3C168239DDB6E009AB92F /* user@3x.png */ = {isa = PBXFileReference; lastKnownFileType = image.png; path = "user@3x.png"; sourceTree = "<group>"; };
		E5C3C169239DDB6E009AB92F /* visibility@1.5x.png */ = {isa = PBXFileReference; lastKnownFileType = image.png; path = "visibility@1.5x.png"; sourceTree = "<group>"; };
		E5C3C16A239DDB6E009AB92F /* work@1.5x.png */ = {isa = PBXFileReference; lastKnownFileType = image.png; path = "work@1.5x.png"; sourceTree = "<group>"; };
		E5C3C16B239DDB6E009AB92F /* visibility_off@1.5x.png */ = {isa = PBXFileReference; lastKnownFileType = image.png; path = "visibility_off@1.5x.png"; sourceTree = "<group>"; };
		E5C3C16C239DDB6E009AB92F /* lock@1.5x.png */ = {isa = PBXFileReference; lastKnownFileType = image.png; path = "lock@1.5x.png"; sourceTree = "<group>"; };
		E5C3C16D239DDB6E009AB92F /* logo@1.5x.png */ = {isa = PBXFileReference; lastKnownFileType = image.png; path = "logo@1.5x.png"; sourceTree = "<group>"; };
		E5C3C16E239DDB6E009AB92F /* logo@2x.png */ = {isa = PBXFileReference; lastKnownFileType = image.png; path = "logo@2x.png"; sourceTree = "<group>"; };
		E5C3C16F239DDB6F009AB92F /* visibility@3x.png */ = {isa = PBXFileReference; lastKnownFileType = image.png; path = "visibility@3x.png"; sourceTree = "<group>"; };
		E5C3C170239DDB6F009AB92F /* mail@1.5x.png */ = {isa = PBXFileReference; lastKnownFileType = image.png; path = "mail@1.5x.png"; sourceTree = "<group>"; };
		E5C3C171239DDB6F009AB92F /* work@3x.png */ = {isa = PBXFileReference; lastKnownFileType = image.png; path = "work@3x.png"; sourceTree = "<group>"; };
		E5C3C172239DDB6F009AB92F /* logo@3x.png */ = {isa = PBXFileReference; lastKnownFileType = image.png; path = "logo@3x.png"; sourceTree = "<group>"; };
		E5C3C173239DDB6F009AB92F /* lock@2x.png */ = {isa = PBXFileReference; lastKnownFileType = image.png; path = "lock@2x.png"; sourceTree = "<group>"; };
		E5C3C18C239DDB79009AB92F /* launch_img@2x.png */ = {isa = PBXFileReference; lastKnownFileType = image.png; path = "launch_img@2x.png"; sourceTree = "<group>"; };
		E5C3C18D239DDB79009AB92F /* launch_img@1.5x.png */ = {isa = PBXFileReference; lastKnownFileType = image.png; path = "launch_img@1.5x.png"; sourceTree = "<group>"; };
		E5C3C18E239DDB79009AB92F /* launch_img@3x.png */ = {isa = PBXFileReference; lastKnownFileType = image.png; path = "launch_img@3x.png"; sourceTree = "<group>"; };
		E5C3C192239DDB83009AB92F /* empty@1.5x.png */ = {isa = PBXFileReference; lastKnownFileType = image.png; path = "empty@1.5x.png"; sourceTree = "<group>"; };
		E5C3C193239DDB83009AB92F /* empty@3x.png */ = {isa = PBXFileReference; lastKnownFileType = image.png; path = "empty@3x.png"; sourceTree = "<group>"; };
		E5C3C194239DDB83009AB92F /* check@2x.png */ = {isa = PBXFileReference; lastKnownFileType = image.png; path = "check@2x.png"; sourceTree = "<group>"; };
		E5C3C195239DDB83009AB92F /* half@2x.png */ = {isa = PBXFileReference; lastKnownFileType = image.png; path = "half@2x.png"; sourceTree = "<group>"; };
		E5C3C196239DDB83009AB92F /* check@1.5x.png */ = {isa = PBXFileReference; lastKnownFileType = image.png; path = "check@1.5x.png"; sourceTree = "<group>"; };
		E5C3C197239DDB83009AB92F /* empty@2x.png */ = {isa = PBXFileReference; lastKnownFileType = image.png; path = "empty@2x.png"; sourceTree = "<group>"; };
		E5C3C198239DDB83009AB92F /* half@1.5x.png */ = {isa = PBXFileReference; lastKnownFileType = image.png; path = "half@1.5x.png"; sourceTree = "<group>"; };
		E5C3C199239DDB83009AB92F /* half@3x.png */ = {isa = PBXFileReference; lastKnownFileType = image.png; path = "half@3x.png"; sourceTree = "<group>"; };
		E5C3C19A239DDB84009AB92F /* check@3x.png */ = {isa = PBXFileReference; lastKnownFileType = image.png; path = "check@3x.png"; sourceTree = "<group>"; };
		E5C3C1A4239DDB8A009AB92F /* replay@1.5x.png */ = {isa = PBXFileReference; lastKnownFileType = image.png; path = "replay@1.5x.png"; sourceTree = "<group>"; };
		E5C3C1A5239DDB8A009AB92F /* fast_rewind@1.5x.png */ = {isa = PBXFileReference; lastKnownFileType = image.png; path = "fast_rewind@1.5x.png"; sourceTree = "<group>"; };
		E5C3C1A6239DDB8A009AB92F /* replay@2x.png */ = {isa = PBXFileReference; lastKnownFileType = image.png; path = "replay@2x.png"; sourceTree = "<group>"; };
		E5C3C1A7239DDB8A009AB92F /* tip@1.5x.png */ = {isa = PBXFileReference; lastKnownFileType = image.png; path = "tip@1.5x.png"; sourceTree = "<group>"; };
		E5C3C1A8239DDB8A009AB92F /* tip@3x.png */ = {isa = PBXFileReference; lastKnownFileType = image.png; path = "tip@3x.png"; sourceTree = "<group>"; };
		E5C3C1A9239DDB8A009AB92F /* exit_lg@3x.png */ = {isa = PBXFileReference; lastKnownFileType = image.png; path = "exit_lg@3x.png"; sourceTree = "<group>"; };
		E5C3C1AA239DDB8A009AB92F /* exit_lg@2x.png */ = {isa = PBXFileReference; lastKnownFileType = image.png; path = "exit_lg@2x.png"; sourceTree = "<group>"; };
		E5C3C1AB239DDB8B009AB92F /* exit_lg@1.5x.png */ = {isa = PBXFileReference; lastKnownFileType = image.png; path = "exit_lg@1.5x.png"; sourceTree = "<group>"; };
		E5C3C1AC239DDB8B009AB92F /* fast_rewind@3x.png */ = {isa = PBXFileReference; lastKnownFileType = image.png; path = "fast_rewind@3x.png"; sourceTree = "<group>"; };
		E5C3C1AD239DDB8B009AB92F /* fast_forward@3x.png */ = {isa = PBXFileReference; lastKnownFileType = image.png; path = "fast_forward@3x.png"; sourceTree = "<group>"; };
		E5C3C1AE239DDB8B009AB92F /* fast_rewind@2x.png */ = {isa = PBXFileReference; lastKnownFileType = image.png; path = "fast_rewind@2x.png"; sourceTree = "<group>"; };
		E5C3C1AF239DDB8B009AB92F /* tip@2x.png */ = {isa = PBXFileReference; lastKnownFileType = image.png; path = "tip@2x.png"; sourceTree = "<group>"; };
		E5C3C1B0239DDB8B009AB92F /* fast_forward@2x.png */ = {isa = PBXFileReference; lastKnownFileType = image.png; path = "fast_forward@2x.png"; sourceTree = "<group>"; };
		E5C3C1B1239DDB8B009AB92F /* replay@3x.png */ = {isa = PBXFileReference; lastKnownFileType = image.png; path = "replay@3x.png"; sourceTree = "<group>"; };
		E5C3C1B2239DDB8B009AB92F /* fast_forward@1.5x.png */ = {isa = PBXFileReference; lastKnownFileType = image.png; path = "fast_forward@1.5x.png"; sourceTree = "<group>"; };
		E5C3C1C2239DDB92009AB92F /* time_highlight@1.5x.png */ = {isa = PBXFileReference; lastKnownFileType = image.png; path = "time_highlight@1.5x.png"; sourceTree = "<group>"; };
		E5C3C1C3239DDB92009AB92F /* time_highlight@3x.png */ = {isa = PBXFileReference; lastKnownFileType = image.png; path = "time_highlight@3x.png"; sourceTree = "<group>"; };
		E5C3C1C4239DDB92009AB92F /* right@3x.png */ = {isa = PBXFileReference; lastKnownFileType = image.png; path = "right@3x.png"; sourceTree = "<group>"; };
		E5C3C1C5239DDB92009AB92F /* apps@2x.png */ = {isa = PBXFileReference; lastKnownFileType = image.png; path = "apps@2x.png"; sourceTree = "<group>"; };
		E5C3C1C6239DDB92009AB92F /* right@1.5x.png */ = {isa = PBXFileReference; lastKnownFileType = image.png; path = "right@1.5x.png"; sourceTree = "<group>"; };
		E5C3C1C7239DDB92009AB92F /* item_type_1@3x.png */ = {isa = PBXFileReference; lastKnownFileType = image.png; path = "item_type_1@3x.png"; sourceTree = "<group>"; };
		E5C3C1C8239DDB93009AB92F /* time@2x.png */ = {isa = PBXFileReference; lastKnownFileType = image.png; path = "time@2x.png"; sourceTree = "<group>"; };
		E5C3C1C9239DDB93009AB92F /* toggle@3x.png */ = {isa = PBXFileReference; lastKnownFileType = image.png; path = "toggle@3x.png"; sourceTree = "<group>"; };
		E5C3C1CA239DDB93009AB92F /* score_pass_bg@3x.png */ = {isa = PBXFileReference; lastKnownFileType = image.png; path = "score_pass_bg@3x.png"; sourceTree = "<group>"; };
		E5C3C1CB239DDB93009AB92F /* apps@3x.png */ = {isa = PBXFileReference; lastKnownFileType = image.png; path = "apps@3x.png"; sourceTree = "<group>"; };
		E5C3C1CC239DDB93009AB92F /* wrong@1.5x.png */ = {isa = PBXFileReference; lastKnownFileType = image.png; path = "wrong@1.5x.png"; sourceTree = "<group>"; };
		E5C3C1CD239DDB93009AB92F /* right@2x.png */ = {isa = PBXFileReference; lastKnownFileType = image.png; path = "right@2x.png"; sourceTree = "<group>"; };
		E5C3C1CE239DDB93009AB92F /* item_type_2@2x.png */ = {isa = PBXFileReference; lastKnownFileType = image.png; path = "item_type_2@2x.png"; sourceTree = "<group>"; };
		E5C3C1CF239DDB93009AB92F /* upload@1.5x.png */ = {isa = PBXFileReference; lastKnownFileType = image.png; path = "upload@1.5x.png"; sourceTree = "<group>"; };
		E5C3C1D0239DDB93009AB92F /* toggle@2x.png */ = {isa = PBXFileReference; lastKnownFileType = image.png; path = "toggle@2x.png"; sourceTree = "<group>"; };
		E5C3C1D1239DDB93009AB92F /* error@3x.png */ = {isa = PBXFileReference; lastKnownFileType = image.png; path = "error@3x.png"; sourceTree = "<group>"; };
		E5C3C1D2239DDB93009AB92F /* wrong@2x.png */ = {isa = PBXFileReference; lastKnownFileType = image.png; path = "wrong@2x.png"; sourceTree = "<group>"; };
		E5C3C1D3239DDB94009AB92F /* error@1.5x.png */ = {isa = PBXFileReference; lastKnownFileType = image.png; path = "error@1.5x.png"; sourceTree = "<group>"; };
		E5C3C1D4239DDB94009AB92F /* item_type_3@3x.png */ = {isa = PBXFileReference; lastKnownFileType = image.png; path = "item_type_3@3x.png"; sourceTree = "<group>"; };
		E5C3C1D5239DDB94009AB92F /* correct@1.5x.png */ = {isa = PBXFileReference; lastKnownFileType = image.png; path = "correct@1.5x.png"; sourceTree = "<group>"; };
		E5C3C1D6239DDB94009AB92F /* item_type_3@2x.png */ = {isa = PBXFileReference; lastKnownFileType = image.png; path = "item_type_3@2x.png"; sourceTree = "<group>"; };
		E5C3C1D7239DDB94009AB92F /* item_type_2@1.5x.png */ = {isa = PBXFileReference; lastKnownFileType = image.png; path = "item_type_2@1.5x.png"; sourceTree = "<group>"; };
		E5C3C1D8239DDB94009AB92F /* wrong@3x.png */ = {isa = PBXFileReference; lastKnownFileType = image.png; path = "wrong@3x.png"; sourceTree = "<group>"; };
		E5C3C1D9239DDB94009AB92F /* upload@3x.png */ = {isa = PBXFileReference; lastKnownFileType = image.png; path = "upload@3x.png"; sourceTree = "<group>"; };
		E5C3C1DA239DDB94009AB92F /* apps@1.5x.png */ = {isa = PBXFileReference; lastKnownFileType = image.png; path = "apps@1.5x.png"; sourceTree = "<group>"; };
		E5C3C1DB239DDB94009AB92F /* item_type_3@1.5x.png */ = {isa = PBXFileReference; lastKnownFileType = image.png; path = "item_type_3@1.5x.png"; sourceTree = "<group>"; };
		E5C3C1DC239DDB94009AB92F /* item_type_1@2x.png */ = {isa = PBXFileReference; lastKnownFileType = image.png; path = "item_type_1@2x.png"; sourceTree = "<group>"; };
		E5C3C1DD239DDB94009AB92F /* correct@3x.png */ = {isa = PBXFileReference; lastKnownFileType = image.png; path = "correct@3x.png"; sourceTree = "<group>"; };
		E5C3C1DE239DDB94009AB92F /* correct@2x.png */ = {isa = PBXFileReference; lastKnownFileType = image.png; path = "correct@2x.png"; sourceTree = "<group>"; };
		E5C3C1DF239DDB95009AB92F /* time@1.5x.png */ = {isa = PBXFileReference; lastKnownFileType = image.png; path = "time@1.5x.png"; sourceTree = "<group>"; };
		E5C3C1E0239DDB95009AB92F /* toggle@1.5x.png */ = {isa = PBXFileReference; lastKnownFileType = image.png; path = "toggle@1.5x.png"; sourceTree = "<group>"; };
		E5C3C1E1239DDB95009AB92F /* error@2x.png */ = {isa = PBXFileReference; lastKnownFileType = image.png; path = "error@2x.png"; sourceTree = "<group>"; };
		E5C3C1E2239DDB95009AB92F /* score_fail_bg@3x.png */ = {isa = PBXFileReference; lastKnownFileType = image.png; path = "score_fail_bg@3x.png"; sourceTree = "<group>"; };
		E5C3C1E3239DDB95009AB92F /* item_type_1@1.5x.png */ = {isa = PBXFileReference; lastKnownFileType = image.png; path = "item_type_1@1.5x.png"; sourceTree = "<group>"; };
		E5C3C1E4239DDB95009AB92F /* item_type_2@3x.png */ = {isa = PBXFileReference; lastKnownFileType = image.png; path = "item_type_2@3x.png"; sourceTree = "<group>"; };
		E5C3C1E5239DDB95009AB92F /* upload@2x.png */ = {isa = PBXFileReference; lastKnownFileType = image.png; path = "upload@2x.png"; sourceTree = "<group>"; };
		E5C3C1E6239DDB95009AB92F /* time@3x.png */ = {isa = PBXFileReference; lastKnownFileType = image.png; path = "time@3x.png"; sourceTree = "<group>"; };
		E5C3C1E7239DDB95009AB92F /* time_highlight@2x.png */ = {isa = PBXFileReference; lastKnownFileType = image.png; path = "time_highlight@2x.png"; sourceTree = "<group>"; };
		E5C3C20E239DDB98009AB92F /* chat@1.5x.png */ = {isa = PBXFileReference; lastKnownFileType = image.png; path = "chat@1.5x.png"; sourceTree = "<group>"; };
		E5C3C20F239DDB98009AB92F /* chat@2x.png */ = {isa = PBXFileReference; lastKnownFileType = image.png; path = "chat@2x.png"; sourceTree = "<group>"; };
		E5C3C210239DDB98009AB92F /* chat@3x.png */ = {isa = PBXFileReference; lastKnownFileType = image.png; path = "chat@3x.png"; sourceTree = "<group>"; };
		E5C3C215239DDB9F009AB92F /* cart@1.5x.png */ = {isa = PBXFileReference; lastKnownFileType = image.png; path = "cart@1.5x.png"; sourceTree = "<group>"; };
		E5C3C216239DDB9F009AB92F /* exit@1.5x.png */ = {isa = PBXFileReference; lastKnownFileType = image.png; path = "exit@1.5x.png"; sourceTree = "<group>"; };
		E5C3C217239DDB9F009AB92F /* exit@2x.png */ = {isa = PBXFileReference; lastKnownFileType = image.png; path = "exit@2x.png"; sourceTree = "<group>"; };
		E5C3C219239DDBA0009AB92F /* cart@3x.png */ = {isa = PBXFileReference; lastKnownFileType = image.png; path = "cart@3x.png"; sourceTree = "<group>"; };
		E5C3C21A239DDBA0009AB92F /* account_box@3x.png */ = {isa = PBXFileReference; lastKnownFileType = image.png; name = "account_box@3x.png"; path = "../../../../../../official-work/tong-an/tongan-doc/APP端/切图/07_个人中心/account_box@3x.png"; sourceTree = "<group>"; };
		E5C3C21B239DDBA0009AB92F /* exit@3x.png */ = {isa = PBXFileReference; lastKnownFileType = image.png; path = "exit@3x.png"; sourceTree = "<group>"; };
		E5C3C21C239DDBA0009AB92F /* cart@2x.png */ = {isa = PBXFileReference; lastKnownFileType = image.png; path = "cart@2x.png"; sourceTree = "<group>"; };
		E5C3C226239DDBA9009AB92F /* passed@1.5x.png */ = {isa = PBXFileReference; lastKnownFileType = image.png; path = "passed@1.5x.png"; sourceTree = "<group>"; };
		E5C3C227239DDBA9009AB92F /* failed@3x.png */ = {isa = PBXFileReference; lastKnownFileType = image.png; path = "failed@3x.png"; sourceTree = "<group>"; };
		E5C3C228239DDBA9009AB92F /* refresh@3x.png */ = {isa = PBXFileReference; lastKnownFileType = image.png; path = "refresh@3x.png"; sourceTree = "<group>"; };
		E5C3C229239DDBAA009AB92F /* description@2x.png */ = {isa = PBXFileReference; lastKnownFileType = image.png; path = "description@2x.png"; sourceTree = "<group>"; };
		E5C3C22A239DDBAA009AB92F /* clear@2x.png */ = {isa = PBXFileReference; lastKnownFileType = image.png; path = "clear@2x.png"; sourceTree = "<group>"; };
		E5C3C22B239DDBAA009AB92F /* arrow_r@1.5x.png */ = {isa = PBXFileReference; lastKnownFileType = image.png; path = "arrow_r@1.5x.png"; sourceTree = "<group>"; };
		E5C3C22C239DDBAA009AB92F /* description@3x.png */ = {isa = PBXFileReference; lastKnownFileType = image.png; path = "description@3x.png"; sourceTree = "<group>"; };
		E5C3C22D239DDBAA009AB92F /* failed@2x.png */ = {isa = PBXFileReference; lastKnownFileType = image.png; path = "failed@2x.png"; sourceTree = "<group>"; };
		E5C3C22E239DDBAA009AB92F /* passed@2x.png */ = {isa = PBXFileReference; lastKnownFileType = image.png; path = "passed@2x.png"; sourceTree = "<group>"; };
		E5C3C22F239DDBAA009AB92F /* arrow_l@1.5x.png */ = {isa = PBXFileReference; lastKnownFileType = image.png; path = "arrow_l@1.5x.png"; sourceTree = "<group>"; };
		E5C3C230239DDBAA009AB92F /* refresh@2x.png */ = {isa = PBXFileReference; lastKnownFileType = image.png; path = "refresh@2x.png"; sourceTree = "<group>"; };
		E5C3C231239DDBAB009AB92F /* arrow_r@2x.png */ = {isa = PBXFileReference; lastKnownFileType = image.png; path = "arrow_r@2x.png"; sourceTree = "<group>"; };
		E5C3C232239DDBAB009AB92F /* refresh@1.5x.png */ = {isa = PBXFileReference; lastKnownFileType = image.png; path = "refresh@1.5x.png"; sourceTree = "<group>"; };
		E5C3C233239DDBAB009AB92F /* description@1.5x.png */ = {isa = PBXFileReference; lastKnownFileType = image.png; path = "description@1.5x.png"; sourceTree = "<group>"; };
		E5C3C234239DDBAB009AB92F /* passed@3x.png */ = {isa = PBXFileReference; lastKnownFileType = image.png; path = "passed@3x.png"; sourceTree = "<group>"; };
		E5C3C235239DDBAB009AB92F /* clear@1.5x.png */ = {isa = PBXFileReference; lastKnownFileType = image.png; path = "clear@1.5x.png"; sourceTree = "<group>"; };
		E5C3C236239DDBAB009AB92F /* arrow_l@2x.png */ = {isa = PBXFileReference; lastKnownFileType = image.png; path = "arrow_l@2x.png"; sourceTree = "<group>"; };
		E5C3C237239DDBAB009AB92F /* arrow_r@3x.png */ = {isa = PBXFileReference; lastKnownFileType = image.png; path = "arrow_r@3x.png"; sourceTree = "<group>"; };
		E5C3C238239DDBAB009AB92F /* failed@1.5x.png */ = {isa = PBXFileReference; lastKnownFileType = image.png; path = "failed@1.5x.png"; sourceTree = "<group>"; };
		E5C3C239239DDBAB009AB92F /* clear@3x.png */ = {isa = PBXFileReference; lastKnownFileType = image.png; path = "clear@3x.png"; sourceTree = "<group>"; };
		E5C3C23A239DDBAC009AB92F /* arrow_l@3x.png */ = {isa = PBXFileReference; lastKnownFileType = image.png; path = "arrow_l@3x.png"; sourceTree = "<group>"; };
		E5CB19D623C5A5C900D021F2 /* LoadMoreFooterView.h */ = {isa = PBXFileReference; lastKnownFileType = sourcecode.c.h; path = LoadMoreFooterView.h; sourceTree = "<group>"; };
		E5CB19D723C5A5C900D021F2 /* LoadMoreFooterView.m */ = {isa = PBXFileReference; lastKnownFileType = sourcecode.c.objc; path = LoadMoreFooterView.m; sourceTree = "<group>"; };
		E5CB19D923C5AE4900D021F2 /* EmptyContentView.h */ = {isa = PBXFileReference; lastKnownFileType = sourcecode.c.h; path = EmptyContentView.h; sourceTree = "<group>"; };
		E5CB19DA23C5AE4900D021F2 /* EmptyContentView.m */ = {isa = PBXFileReference; lastKnownFileType = sourcecode.c.objc; path = EmptyContentView.m; sourceTree = "<group>"; };
		E5E06DDF23B1DB50004FBF24 /* LCUtils.h */ = {isa = PBXFileReference; lastKnownFileType = sourcecode.c.h; path = LCUtils.h; sourceTree = "<group>"; };
		E5E06DE023B1DB50004FBF24 /* LCUtils.m */ = {isa = PBXFileReference; lastKnownFileType = sourcecode.c.objc; path = LCUtils.m; sourceTree = "<group>"; };
		E5E7DD8323A4D3590084EF90 /* learn_history@3x.png */ = {isa = PBXFileReference; lastKnownFileType = image.png; path = "learn_history@3x.png"; sourceTree = "<group>"; };
		E5EE3B2823BED20400242C16 /* OpenCourseFrame.h */ = {isa = PBXFileReference; lastKnownFileType = sourcecode.c.h; path = OpenCourseFrame.h; sourceTree = "<group>"; };
		E5EE3B2923BED20400242C16 /* OpenCourseFrame.m */ = {isa = PBXFileReference; lastKnownFileType = sourcecode.c.objc; path = OpenCourseFrame.m; sourceTree = "<group>"; };
		E5EE3B2B23BF465D00242C16 /* OpenCourseTableViewTitleTableViewCell.h */ = {isa = PBXFileReference; lastKnownFileType = sourcecode.c.h; path = OpenCourseTableViewTitleTableViewCell.h; sourceTree = "<group>"; };
		E5EE3B2C23BF465D00242C16 /* OpenCourseTableVIewTitleTableViewCell.m */ = {isa = PBXFileReference; lastKnownFileType = sourcecode.c.objc; path = OpenCourseTableVIewTitleTableViewCell.m; sourceTree = "<group>"; };
		E5EE3B2E23BF55D900242C16 /* LoadMoreTableViewCell.h */ = {isa = PBXFileReference; lastKnownFileType = sourcecode.c.h; path = LoadMoreTableViewCell.h; sourceTree = "<group>"; };
		E5EE3B2F23BF55D900242C16 /* LoadMoreTableViewCell.m */ = {isa = PBXFileReference; lastKnownFileType = sourcecode.c.objc; path = LoadMoreTableViewCell.m; sourceTree = "<group>"; };
		EAAF088EA0AD5F4C9F746636 /* Pods-EnterpriseSafety.debug.xcconfig */ = {isa = PBXFileReference; includeInIndex = 1; lastKnownFileType = text.xcconfig; name = "Pods-EnterpriseSafety.debug.xcconfig"; path = "Target Support Files/Pods-EnterpriseSafety/Pods-EnterpriseSafety.debug.xcconfig"; sourceTree = "<group>"; };
/* End PBXFileReference section */

/* Begin PBXFrameworksBuildPhase section */
		E570F472238F9C2B004CAF0C /* Frameworks */ = {
			isa = PBXFrameworksBuildPhase;
			buildActionMask = 2147483647;
			files = (
				3D83CA0FB29F2998A78D8655 /* libPods-EnterpriseSafety.a in Frameworks */,
			);
			runOnlyForDeploymentPostprocessing = 0;
		};
/* End PBXFrameworksBuildPhase section */

/* Begin PBXGroup section */
		D3BD785735ED62A115B795F3 /* Frameworks */ = {
			isa = PBXGroup;
			children = (
				0E713F215DFF7FC09AD5453E /* libPods-EnterpriseSafety.a */,
			);
			name = Frameworks;
			sourceTree = "<group>";
		};
		D5EE4816182BFD5EE09DA095 /* Pods */ = {
			isa = PBXGroup;
			children = (
				EAAF088EA0AD5F4C9F746636 /* Pods-EnterpriseSafety.debug.xcconfig */,
				1B7F7829590936439CDC05DA /* Pods-EnterpriseSafety.release.xcconfig */,
			);
			path = Pods;
			sourceTree = "<group>";
		};
		E501782223A375B3002AD49C /* LearnHistoryController */ = {
			isa = PBXGroup;
			children = (
				E501782323A3761E002AD49C /* LearnHistoryController.h */,
				E501782423A3761E002AD49C /* LearnHistoryController.m */,
			);
			path = LearnHistoryController;
			sourceTree = "<group>";
		};
		E501782623A382D4002AD49C /* LoginController */ = {
			isa = PBXGroup;
			children = (
				E501782723A382F5002AD49C /* LoginController.h */,
				E501782823A382F5002AD49C /* LoginController.m */,
			);
			path = LoginController;
			sourceTree = "<group>";
		};
		E501782A23A38312002AD49C /* LearnPlanDetailController */ = {
			isa = PBXGroup;
			children = (
				E501783323A383D9002AD49C /* LearnPlanDetailViewController.h */,
				E501783423A383D9002AD49C /* LearnPlanDetailViewController.m */,
				E575284023C70B3A00789A44 /* LearnHeaderView.h */,
				E575284123C70B3A00789A44 /* LearnHeaderView.m */,
				E582A08223D164C7004E5AD4 /* LearnPlaneTableView.h */,
				E582A08323D164C7004E5AD4 /* LearnPlaneTableView.m */,
			);
			path = LearnPlanDetailController;
			sourceTree = "<group>";
		};
		E501782C23A38360002AD49C /* ExamController */ = {
			isa = PBXGroup;
			children = (
				E501782D23A38388002AD49C /* ExamViewController.h */,
				E501782E23A38388002AD49C /* ExamViewController.m */,
			);
			path = ExamController;
			sourceTree = "<group>";
		};
		E501783623A383E1002AD49C /* LearnVideoController */ = {
			isa = PBXGroup;
			children = (
				E501783723A38402002AD49C /* LearnVideoViewController.h */,
				E501783823A38402002AD49C /* LearnVideoViewController.m */,
			);
			path = LearnVideoController;
			sourceTree = "<group>";
		};
		E501783A23A38D9A002AD49C /* MainTabBar */ = {
			isa = PBXGroup;
			children = (
				E55188F323B987CC0041A1F4 /* MyCoursePlaneViewController */,
				E54CE31C2394A1AC002931E4 /* MyCenterController */,
				E54CE31B2394A188002931E4 /* CourseController */,
				E501783B23A38DBE002AD49C /* MainTabBar.h */,
				E501783C23A38DBE002AD49C /* MainTabBar.m */,
			);
			path = MainTabBar;
			sourceTree = "<group>";
		};
		E54136FC23A9EFE40025446E /* NetWork */ = {
			isa = PBXGroup;
			children = (
				E54136FD23A9F0040025446E /* NetWorkManager.h */,
				E54136FE23A9F0040025446E /* NetWorkManager.m */,
			);
			path = NetWork;
			sourceTree = "<group>";
		};
		E541370023A9F7130025446E /* Base */ = {
			isa = PBXGroup;
			children = (
				E541370123A9F7370025446E /* BaseViewController.h */,
				E541370223A9F7370025446E /* BaseViewController.m */,
			);
			path = Base;
			sourceTree = "<group>";
		};
		E54CE31B2394A188002931E4 /* CourseController */ = {
			isa = PBXGroup;
			children = (
				E54CE3202394A251002931E4 /* CourseViewController.h */,
				E54CE3212394A251002931E4 /* CourseViewController.m */,
			);
			path = CourseController;
			sourceTree = "<group>";
		};
		E54CE31C2394A1AC002931E4 /* MyCenterController */ = {
			isa = PBXGroup;
			children = (
				E54CE31D2394A236002931E4 /* MyCenterViewController.h */,
				E54CE31E2394A236002931E4 /* MyCenterViewController.m */,
			);
			path = MyCenterController;
			sourceTree = "<group>";
		};
		E54CE3232394C204002931E4 /* Images */ = {
			isa = PBXGroup;
			children = (
				E5C3C155239DDB62009AB92F /* account_box@1.5x.png */,
				E51280E623A33902006C3A4A /* camera_sample@3x.png */,
				E5C3C154239DDB62009AB92F /* account_box@2x.png */,
				E5C3C162239DDB6D009AB92F /* cellphone@1.5x.png */,
				E5C3C15D239DDB6D009AB92F /* cellphone@2x.png */,
				E5C3C167239DDB6E009AB92F /* cellphone@3x.png */,
				E5C3C22F239DDBAA009AB92F /* arrow_l@1.5x.png */,
				E5C3C236239DDBAB009AB92F /* arrow_l@2x.png */,
				E5C3C23A239DDBAC009AB92F /* arrow_l@3x.png */,
				E5C3C22B239DDBAA009AB92F /* arrow_r@1.5x.png */,
				E5C3C231239DDBAB009AB92F /* arrow_r@2x.png */,
				E5C3C237239DDBAB009AB92F /* arrow_r@3x.png */,
				E5C3C235239DDBAB009AB92F /* clear@1.5x.png */,
				E5C3C22A239DDBAA009AB92F /* clear@2x.png */,
				E5E7DD8323A4D3590084EF90 /* learn_history@3x.png */,
				E5C3C239239DDBAB009AB92F /* clear@3x.png */,
				E5C3C233239DDBAB009AB92F /* description@1.5x.png */,
				E5C3C229239DDBAA009AB92F /* description@2x.png */,
				E5C3C22C239DDBAA009AB92F /* description@3x.png */,
				E5C3C238239DDBAB009AB92F /* failed@1.5x.png */,
				E5C3C22D239DDBAA009AB92F /* failed@2x.png */,
				E5C3C227239DDBA9009AB92F /* failed@3x.png */,
				E5C3C226239DDBA9009AB92F /* passed@1.5x.png */,
				E5C3C22E239DDBAA009AB92F /* passed@2x.png */,
				E5C3C234239DDBAB009AB92F /* passed@3x.png */,
				E5C3C232239DDBAB009AB92F /* refresh@1.5x.png */,
				E5C3C230239DDBAA009AB92F /* refresh@2x.png */,
				E5C3C228239DDBA9009AB92F /* refresh@3x.png */,
				E5C3C21A239DDBA0009AB92F /* account_box@3x.png */,
				E5C3C215239DDB9F009AB92F /* cart@1.5x.png */,
				E5C3C21C239DDBA0009AB92F /* cart@2x.png */,
				E5C3C219239DDBA0009AB92F /* cart@3x.png */,
				E5C3C216239DDB9F009AB92F /* exit@1.5x.png */,
				E5C3C217239DDB9F009AB92F /* exit@2x.png */,
				E5C3C21B239DDBA0009AB92F /* exit@3x.png */,
				E5C3C16C239DDB6E009AB92F /* lock@1.5x.png */,
				E5C3C196239DDB83009AB92F /* check@1.5x.png */,
				E5C3C194239DDB83009AB92F /* check@2x.png */,
				E5C3C19A239DDB84009AB92F /* check@3x.png */,
				E5C3C192239DDB83009AB92F /* empty@1.5x.png */,
				E5C3C1AB239DDB8B009AB92F /* exit_lg@1.5x.png */,
				E5C3C1AA239DDB8A009AB92F /* exit_lg@2x.png */,
				E5C3C1A9239DDB8A009AB92F /* exit_lg@3x.png */,
				E5C3C1B2239DDB8B009AB92F /* fast_forward@1.5x.png */,
				E5C3C1DA239DDB94009AB92F /* apps@1.5x.png */,
				E5C3C20E239DDB98009AB92F /* chat@1.5x.png */,
				E5C3C20F239DDB98009AB92F /* chat@2x.png */,
				E5C3C210239DDB98009AB92F /* chat@3x.png */,
				E5C3C1C5239DDB92009AB92F /* apps@2x.png */,
				E5C3C1CB239DDB93009AB92F /* apps@3x.png */,
				E5C3C1D5239DDB94009AB92F /* correct@1.5x.png */,
				E5C3C1DE239DDB94009AB92F /* correct@2x.png */,
				E5C3C1DD239DDB94009AB92F /* correct@3x.png */,
				E5C3C1D3239DDB94009AB92F /* error@1.5x.png */,
				E5C3C1E1239DDB95009AB92F /* error@2x.png */,
				E5C3C1D1239DDB93009AB92F /* error@3x.png */,
				E5C3C1E3239DDB95009AB92F /* item_type_1@1.5x.png */,
				E5C3C1DC239DDB94009AB92F /* item_type_1@2x.png */,
				E5C3C1C7239DDB92009AB92F /* item_type_1@3x.png */,
				E5C3C1D7239DDB94009AB92F /* item_type_2@1.5x.png */,
				E5C3C1CE239DDB93009AB92F /* item_type_2@2x.png */,
				E5C3C1E4239DDB95009AB92F /* item_type_2@3x.png */,
				E5C3C1DB239DDB94009AB92F /* item_type_3@1.5x.png */,
				E5C3C1D6239DDB94009AB92F /* item_type_3@2x.png */,
				E5C3C1D4239DDB94009AB92F /* item_type_3@3x.png */,
				E5C3C1C6239DDB92009AB92F /* right@1.5x.png */,
				E5C3C1CD239DDB93009AB92F /* right@2x.png */,
				E5C3C1C4239DDB92009AB92F /* right@3x.png */,
				E5C3C1E2239DDB95009AB92F /* score_fail_bg@3x.png */,
				E5C3C1CA239DDB93009AB92F /* score_pass_bg@3x.png */,
				E5C3C1C2239DDB92009AB92F /* time_highlight@1.5x.png */,
				E5C3C1E7239DDB95009AB92F /* time_highlight@2x.png */,
				E5C3C1C3239DDB92009AB92F /* time_highlight@3x.png */,
				E5C3C1DF239DDB95009AB92F /* time@1.5x.png */,
				E5C3C1C8239DDB93009AB92F /* time@2x.png */,
				E5C3C1E6239DDB95009AB92F /* time@3x.png */,
				E5C3C1E0239DDB95009AB92F /* toggle@1.5x.png */,
				E5C3C1D0239DDB93009AB92F /* toggle@2x.png */,
				E5C3C1C9239DDB93009AB92F /* toggle@3x.png */,
				E5C3C1CF239DDB93009AB92F /* upload@1.5x.png */,
				E5C3C1E5239DDB95009AB92F /* upload@2x.png */,
				E5C3C1D9239DDB94009AB92F /* upload@3x.png */,
				E5C3C1CC239DDB93009AB92F /* wrong@1.5x.png */,
				E5C3C1D2239DDB93009AB92F /* wrong@2x.png */,
				E5C3C1D8239DDB94009AB92F /* wrong@3x.png */,
				E5C3C1B0239DDB8B009AB92F /* fast_forward@2x.png */,
				E5C3C1AD239DDB8B009AB92F /* fast_forward@3x.png */,
				E5C3C1A5239DDB8A009AB92F /* fast_rewind@1.5x.png */,
				E5C3C1AE239DDB8B009AB92F /* fast_rewind@2x.png */,
				E5C3C1AC239DDB8B009AB92F /* fast_rewind@3x.png */,
				E5C3C1A4239DDB8A009AB92F /* replay@1.5x.png */,
				E5C3C1A6239DDB8A009AB92F /* replay@2x.png */,
				E5C3C1B1239DDB8B009AB92F /* replay@3x.png */,
				E5C3C1A7239DDB8A009AB92F /* tip@1.5x.png */,
				E5C3C1AF239DDB8B009AB92F /* tip@2x.png */,
				E5C3C1A8239DDB8A009AB92F /* tip@3x.png */,
				E5C3C197239DDB83009AB92F /* empty@2x.png */,
				E5C3C193239DDB83009AB92F /* empty@3x.png */,
				E5C3C198239DDB83009AB92F /* half@1.5x.png */,
				E5C3C195239DDB83009AB92F /* half@2x.png */,
				E5C3C199239DDB83009AB92F /* half@3x.png */,
				E5C3C173239DDB6F009AB92F /* lock@2x.png */,
				E5C3C18D239DDB79009AB92F /* launch_img@1.5x.png */,
				E5C3C18C239DDB79009AB92F /* launch_img@2x.png */,
				E5C3C18E239DDB79009AB92F /* launch_img@3x.png */,
				E5C3C15E239DDB6D009AB92F /* lock@3x.png */,
				E5C3C16D239DDB6E009AB92F /* logo@1.5x.png */,
				E5C3C16E239DDB6E009AB92F /* logo@2x.png */,
				E5C3C172239DDB6F009AB92F /* logo@3x.png */,
				E5C3C170239DDB6F009AB92F /* mail@1.5x.png */,
				E5C3C15F239DDB6D009AB92F /* mail@2x.png */,
				E5C3C160239DDB6D009AB92F /* mail@3x.png */,
				E5C3C166239DDB6E009AB92F /* user@1.5x.png */,
				E5C3C161239DDB6D009AB92F /* user@2x.png */,
				E5C3C168239DDB6E009AB92F /* user@3x.png */,
				E5C3C16B239DDB6E009AB92F /* visibility_off@1.5x.png */,
				E5C3C164239DDB6D009AB92F /* visibility_off@2x.png */,
				E5C3C165239DDB6E009AB92F /* visibility_off@3x.png */,
				E5C3C169239DDB6E009AB92F /* visibility@1.5x.png */,
				E5C3C163239DDB6D009AB92F /* visibility@2x.png */,
				E5C3C16F239DDB6F009AB92F /* visibility@3x.png */,
				E5C3C16A239DDB6E009AB92F /* work@1.5x.png */,
				E5C3C15C239DDB6D009AB92F /* work@2x.png */,
				E5C3C171239DDB6F009AB92F /* work@3x.png */,
				E5C3C151239DDB62009AB92F /* info@1.5x.png */,
				E5C3C152239DDB62009AB92F /* info@2x.png */,
				E5C3C153239DDB62009AB92F /* info@3x.png */,
				E54CE3242394C23C002931E4 /* cinema.png */,
				E54CE3252394C23C002931E4 /* movie.png */,
			);
			path = Images;
			sourceTree = "<group>";
		};
		E54F4AFD23B35F30003FA5C5 /* TableCell */ = {
			isa = PBXGroup;
			children = (
				E5AA236523B4A039003B89DF /* OpenCourseTableViewCell.h */,
				E5AA236623B4A039003B89DF /* OpenCourseTableViewCell.m */,
				E5EE3B2B23BF465D00242C16 /* OpenCourseTableViewTitleTableViewCell.h */,
				E5EE3B2C23BF465D00242C16 /* OpenCourseTableVIewTitleTableViewCell.m */,
				E5EE3B2E23BF55D900242C16 /* LoadMoreTableViewCell.h */,
				E5EE3B2F23BF55D900242C16 /* LoadMoreTableViewCell.m */,
				E591233323C4787700858D17 /* ArticleDetaileTableViewCell.h */,
				E591233423C4787700858D17 /* ArticleDetaileTableViewCell.m */,
				E586F38123D433D4003F7E04 /* LearnPlaneDetailTableViewCell.h */,
				E586F38223D433D4003F7E04 /* LearnPlaneDetailTableViewCell.m */,
			);
			path = TableCell;
			sourceTree = "<group>";
		};
		E55188F323B987CC0041A1F4 /* MyCoursePlaneViewController */ = {
			isa = PBXGroup;
			children = (
				E55188F423B9881D0041A1F4 /* MyCoursePlaneViewController.h */,
				E55188F523B9881D0041A1F4 /* MyCoursePlaneViewController.m */,
				E591232D23C4516600858D17 /* ArticlePageViewController.h */,
				E591232E23C4516600858D17 /* ArticlePageViewController.m */,
			);
			path = MyCoursePlaneViewController;
			sourceTree = "<group>";
		};
		E55188F723B9936B0041A1F4 /* Tableview */ = {
			isa = PBXGroup;
			children = (
			);
			path = Tableview;
			sourceTree = "<group>";
		};
		E555806C23B0A61500374DCC /* CustomView */ = {
			isa = PBXGroup;
			children = (
				E5CB19D523C5A59500D021F2 /* OtherView */,
				E55188F723B9936B0041A1F4 /* Tableview */,
				E54F4AFD23B35F30003FA5C5 /* TableCell */,
				E555806D23B0A65D00374DCC /* CircularProgressView */,
				E596D1F423989E2800C72F17 /* MyScrollView */,
			);
			path = CustomView;
			sourceTree = "<group>";
		};
		E555806D23B0A65D00374DCC /* CircularProgressView */ = {
			isa = PBXGroup;
			children = (
				E555806E23B0A6F500374DCC /* LCCircular.h */,
				E555806F23B0A6F500374DCC /* LCCircular.m */,
				E555807123B0A73D00374DCC /* CircularPrograss.h */,
				E555807223B0A73D00374DCC /* CircularPrograss.m */,
			);
			path = CircularProgressView;
			sourceTree = "<group>";
		};
		E555807423B0CF5800374DCC /* SplashViewController */ = {
			isa = PBXGroup;
			children = (
				E555807523B0CF9E00374DCC /* SplashViewController.h */,
				E555807623B0CF9E00374DCC /* SplashViewController.m */,
			);
			path = SplashViewController;
			sourceTree = "<group>";
		};
		E570F46C238F9C2B004CAF0C = {
			isa = PBXGroup;
			children = (
				E570F477238F9C2B004CAF0C /* EnterpriseSafety */,
				E570F476238F9C2B004CAF0C /* Products */,
				D5EE4816182BFD5EE09DA095 /* Pods */,
				D3BD785735ED62A115B795F3 /* Frameworks */,
			);
			sourceTree = "<group>";
		};
		E570F476238F9C2B004CAF0C /* Products */ = {
			isa = PBXGroup;
			children = (
				E570F475238F9C2B004CAF0C /* EnterpriseSafety.app */,
			);
			name = Products;
			sourceTree = "<group>";
		};
		E570F477238F9C2B004CAF0C /* EnterpriseSafety */ = {
			isa = PBXGroup;
			children = (
				E5EE3B2723BED1DA00242C16 /* Frame */,
				E5AA236123B44A24003B89DF /* Model */,
				E555807423B0CF5800374DCC /* SplashViewController */,
				E555806C23B0A61500374DCC /* CustomView */,
				E541370023A9F7130025446E /* Base */,
				E54136FC23A9EFE40025446E /* NetWork */,
				E501783A23A38D9A002AD49C /* MainTabBar */,
				E501783623A383E1002AD49C /* LearnVideoController */,
				E501782C23A38360002AD49C /* ExamController */,
				E501782A23A38312002AD49C /* LearnPlanDetailController */,
				E501782623A382D4002AD49C /* LoginController */,
				E501782223A375B3002AD49C /* LearnHistoryController */,
				E596D1FB2398A6E800C72F17 /* plus */,
				E54CE3232394C204002931E4 /* Images */,
				E570F478238F9C2B004CAF0C /* AppDelegate.h */,
				E570F479238F9C2B004CAF0C /* AppDelegate.m */,
				E570F481238F9C2B004CAF0C /* Main.storyboard */,
				E570F484238F9C2F004CAF0C /* Assets.xcassets */,
				E570F486238F9C2F004CAF0C /* LaunchScreen.storyboard */,
				E570F489238F9C2F004CAF0C /* Info.plist */,
				E570F48A238F9C2F004CAF0C /* main.m */,
			);
			path = EnterpriseSafety;
			sourceTree = "<group>";
		};
		E596D1F423989E2800C72F17 /* MyScrollView */ = {
			isa = PBXGroup;
			children = (
				E596D1F723989E6700C72F17 /* GKCycleScrollView.h */,
				E596D1F523989E6700C72F17 /* GKCycleScrollView.m */,
				E596D1F623989E6700C72F17 /* GKCycleScrollViewCell.h */,
				E596D1F823989E6700C72F17 /* GKCycleScrollViewCell.m */,
			);
			path = MyScrollView;
			sourceTree = "<group>";
		};
		E596D1FB2398A6E800C72F17 /* plus */ = {
			isa = PBXGroup;
			children = (
				E5747AB823AC6DA00026CECC /* Foundation+Log.m */,
				E596D1FC2398A73A00C72F17 /* PrefixHeader.pch */,
				E5AD4812239A3CFB0074EBCD /* Header.h */,
				E5E06DDF23B1DB50004FBF24 /* LCUtils.h */,
				E5E06DE023B1DB50004FBF24 /* LCUtils.m */,
			);
			path = plus;
			sourceTree = "<group>";
		};
		E5AA236123B44A24003B89DF /* Model */ = {
			isa = PBXGroup;
			children = (
				E5AA236223B44A4D003B89DF /* OpenCourseData.h */,
				E5AA236323B44A4D003B89DF /* OpenCourseData.m */,
				E591232723C4246D00858D17 /* ArticleListData.h */,
				E591232823C4246D00858D17 /* ArticleListData.m */,
				E591232A23C4261600858D17 /* ArticleDetailBean.h */,
				E591232B23C4261600858D17 /* ArticleDetailBean.m */,
				E582A08523D18D4C004E5AD4 /* LearnPlaneDetialBean.h */,
				E582A08623D18D4C004E5AD4 /* LearnPlaneDetialBean.m */,
			);
			path = Model;
			sourceTree = "<group>";
		};
		E5CB19D523C5A59500D021F2 /* OtherView */ = {
			isa = PBXGroup;
			children = (
				E5CB19D623C5A5C900D021F2 /* LoadMoreFooterView.h */,
				E5CB19D723C5A5C900D021F2 /* LoadMoreFooterView.m */,
				E5CB19D923C5AE4900D021F2 /* EmptyContentView.h */,
				E5CB19DA23C5AE4900D021F2 /* EmptyContentView.m */,
			);
			path = OtherView;
			sourceTree = "<group>";
		};
		E5EE3B2723BED1DA00242C16 /* Frame */ = {
			isa = PBXGroup;
			children = (
				E5EE3B2823BED20400242C16 /* OpenCourseFrame.h */,
				E5EE3B2923BED20400242C16 /* OpenCourseFrame.m */,
				E591233023C46A0200858D17 /* ArticleBeanFrame.h */,
				E591233123C46A0200858D17 /* ArticleBeanFrame.m */,
				E586F37E23D424A4003F7E04 /* LearnPlaneBeanFrame.h */,
				E586F37F23D424A4003F7E04 /* LearnPlaneBeanFrame.m */,
			);
			path = Frame;
			sourceTree = "<group>";
		};
/* End PBXGroup section */

/* Begin PBXNativeTarget section */
		E570F474238F9C2B004CAF0C /* EnterpriseSafety */ = {
			isa = PBXNativeTarget;
			buildConfigurationList = E570F48E238F9C2F004CAF0C /* Build configuration list for PBXNativeTarget "EnterpriseSafety" */;
			buildPhases = (
				E7F6114D1BE037E394E3FFD2 /* [CP] Check Pods Manifest.lock */,
				E570F471238F9C2B004CAF0C /* Sources */,
				E570F472238F9C2B004CAF0C /* Frameworks */,
				E570F473238F9C2B004CAF0C /* Resources */,
				5BE43EBD18D352914B9026DA /* [CP] Copy Pods Resources */,
			);
			buildRules = (
			);
			dependencies = (
			);
			name = EnterpriseSafety;
			productName = EnterpriseSafety;
			productReference = E570F475238F9C2B004CAF0C /* EnterpriseSafety.app */;
			productType = "com.apple.product-type.application";
		};
/* End PBXNativeTarget section */

/* Begin PBXProject section */
		E570F46D238F9C2B004CAF0C /* Project object */ = {
			isa = PBXProject;
			attributes = {
				LastUpgradeCheck = 1110;
				ORGANIZATIONNAME = chao;
				TargetAttributes = {
					E570F474238F9C2B004CAF0C = {
						CreatedOnToolsVersion = 11.1;
					};
				};
			};
			buildConfigurationList = E570F470238F9C2B004CAF0C /* Build configuration list for PBXProject "EnterpriseSafety" */;
			compatibilityVersion = "Xcode 9.3";
			developmentRegion = en;
			hasScannedForEncodings = 0;
			knownRegions = (
				en,
				Base,
			);
			mainGroup = E570F46C238F9C2B004CAF0C;
			productRefGroup = E570F476238F9C2B004CAF0C /* Products */;
			projectDirPath = "";
			projectRoot = "";
			targets = (
				E570F474238F9C2B004CAF0C /* EnterpriseSafety */,
			);
		};
/* End PBXProject section */

/* Begin PBXResourcesBuildPhase section */
		E570F473238F9C2B004CAF0C /* Resources */ = {
			isa = PBXResourcesBuildPhase;
			buildActionMask = 2147483647;
			files = (
				E5C3C1FD239DDB95009AB92F /* item_type_2@1.5x.png in Resources */,
				E5C3C180239DDB6F009AB92F /* user@3x.png in Resources */,
				E5C3C20C239DDB95009AB92F /* time@3x.png in Resources */,
				E5C3C223239DDBA0009AB92F /* account_box@3x.png in Resources */,
				E5C3C184239DDB6F009AB92F /* lock@1.5x.png in Resources */,
				E5C3C17F239DDB6F009AB92F /* cellphone@3x.png in Resources */,
				E5C3C203239DDB95009AB92F /* correct@3x.png in Resources */,
				E5C3C1C0239DDB8B009AB92F /* replay@3x.png in Resources */,
				E5C3C1F8239DDB95009AB92F /* wrong@2x.png in Resources */,
				E5C3C205239DDB95009AB92F /* time@1.5x.png in Resources */,
				E5C3C1EB239DDB95009AB92F /* apps@2x.png in Resources */,
				E5C3C244239DDBAC009AB92F /* arrow_l@1.5x.png in Resources */,
				E5C3C159239DDB63009AB92F /* info@3x.png in Resources */,
				E5C3C1B4239DDB8B009AB92F /* fast_rewind@1.5x.png in Resources */,
				E5C3C1A0239DDB84009AB92F /* empty@2x.png in Resources */,
				E5C3C246239DDBAC009AB92F /* arrow_r@2x.png in Resources */,
				E5C3C15B239DDB63009AB92F /* account_box@1.5x.png in Resources */,
				E5C3C23E239DDBAC009AB92F /* description@2x.png in Resources */,
				E5C3C19B239DDB84009AB92F /* empty@1.5x.png in Resources */,
				E570F488238F9C2F004CAF0C /* LaunchScreen.storyboard in Resources */,
				E5C3C245239DDBAC009AB92F /* refresh@2x.png in Resources */,
				E5C3C1BA239DDB8B009AB92F /* exit_lg@1.5x.png in Resources */,
				E5C3C191239DDB79009AB92F /* launch_img@3x.png in Resources */,
				E5C3C1F1239DDB95009AB92F /* apps@3x.png in Resources */,
				E5C3C18A239DDB6F009AB92F /* logo@3x.png in Resources */,
				E5C3C18B239DDB6F009AB92F /* lock@2x.png in Resources */,
				E5C3C1C1239DDB8B009AB92F /* fast_forward@1.5x.png in Resources */,
				E51280E723A33902006C3A4A /* camera_sample@3x.png in Resources */,
				E5C3C23F239DDBAC009AB92F /* clear@2x.png in Resources */,
				E5C3C1BD239DDB8B009AB92F /* fast_rewind@2x.png in Resources */,
				E5C3C177239DDB6F009AB92F /* mail@2x.png in Resources */,
				E5C3C1A2239DDB84009AB92F /* half@3x.png in Resources */,
				E5C3C202239DDB95009AB92F /* item_type_1@2x.png in Resources */,
				E5E7DD8423A4D3590084EF90 /* learn_history@3x.png in Resources */,
				E5C3C24D239DDBAC009AB92F /* failed@1.5x.png in Resources */,
				E5C3C1F4239DDB95009AB92F /* item_type_2@2x.png in Resources */,
				E5C3C18F239DDB79009AB92F /* launch_img@2x.png in Resources */,
				E5C3C1BE239DDB8B009AB92F /* tip@2x.png in Resources */,
				E5C3C1EC239DDB95009AB92F /* right@1.5x.png in Resources */,
				E5C3C1FB239DDB95009AB92F /* correct@1.5x.png in Resources */,
				E5C3C1BC239DDB8B009AB92F /* fast_forward@3x.png in Resources */,
				E5C3C17D239DDB6F009AB92F /* visibility_off@3x.png in Resources */,
				E5C3C21E239DDBA0009AB92F /* cart@1.5x.png in Resources */,
				E5C3C207239DDB95009AB92F /* error@2x.png in Resources */,
				E5C3C157239DDB63009AB92F /* info@1.5x.png in Resources */,
				E5C3C24B239DDBAC009AB92F /* arrow_l@2x.png in Resources */,
				E5C3C19D239DDB84009AB92F /* check@2x.png in Resources */,
				E5C3C24F239DDBAC009AB92F /* arrow_l@3x.png in Resources */,
				E5C3C240239DDBAC009AB92F /* arrow_r@1.5x.png in Resources */,
				E5C3C1EF239DDB95009AB92F /* toggle@3x.png in Resources */,
				E5C3C181239DDB6F009AB92F /* visibility@1.5x.png in Resources */,
				E5C3C1F5239DDB95009AB92F /* upload@1.5x.png in Resources */,
				E5C3C1FE239DDB95009AB92F /* wrong@3x.png in Resources */,
				E5C3C179239DDB6F009AB92F /* user@2x.png in Resources */,
				E5C3C242239DDBAC009AB92F /* failed@2x.png in Resources */,
				E5C3C1B9239DDB8B009AB92F /* exit_lg@2x.png in Resources */,
				E5C3C182239DDB6F009AB92F /* work@1.5x.png in Resources */,
				E5C3C175239DDB6F009AB92F /* cellphone@2x.png in Resources */,
				E5C3C190239DDB79009AB92F /* launch_img@1.5x.png in Resources */,
				E5C3C222239DDBA0009AB92F /* cart@3x.png in Resources */,
				E5C3C17C239DDB6F009AB92F /* visibility_off@2x.png in Resources */,
				E5C3C1F2239DDB95009AB92F /* wrong@1.5x.png in Resources */,
				E5C3C1A1239DDB84009AB92F /* half@1.5x.png in Resources */,
				E5C3C1EA239DDB95009AB92F /* right@3x.png in Resources */,
				E5C3C1ED239DDB95009AB92F /* item_type_1@3x.png in Resources */,
				E5C3C248239DDBAC009AB92F /* description@1.5x.png in Resources */,
				E5C3C188239DDB6F009AB92F /* mail@1.5x.png in Resources */,
				E5C3C209239DDB95009AB92F /* item_type_1@1.5x.png in Resources */,
				E54CE3272394C23C002931E4 /* movie.png in Resources */,
				E5C3C20B239DDB95009AB92F /* upload@2x.png in Resources */,
				E5C3C20A239DDB95009AB92F /* item_type_2@3x.png in Resources */,
				E5C3C1BB239DDB8B009AB92F /* fast_rewind@3x.png in Resources */,
				E5C3C23B239DDBAC009AB92F /* passed@1.5x.png in Resources */,
				E5C3C1BF239DDB8B009AB92F /* fast_forward@2x.png in Resources */,
				E5C3C1E8239DDB95009AB92F /* time_highlight@1.5x.png in Resources */,
				E5C3C1B3239DDB8B009AB92F /* replay@1.5x.png in Resources */,
				E5C3C1F7239DDB95009AB92F /* error@3x.png in Resources */,
				E5C3C17A239DDB6F009AB92F /* cellphone@1.5x.png in Resources */,
				E5C3C225239DDBA0009AB92F /* cart@2x.png in Resources */,
				E5C3C23D239DDBAC009AB92F /* refresh@3x.png in Resources */,
				E5C3C224239DDBA0009AB92F /* exit@3x.png in Resources */,
				E5C3C208239DDB95009AB92F /* score_fail_bg@3x.png in Resources */,
				E5C3C158239DDB63009AB92F /* info@2x.png in Resources */,
				E5C3C212239DDB98009AB92F /* chat@2x.png in Resources */,
				E5C3C1B5239DDB8B009AB92F /* replay@2x.png in Resources */,
				E5C3C187239DDB6F009AB92F /* visibility@3x.png in Resources */,
				E5C3C247239DDBAC009AB92F /* refresh@1.5x.png in Resources */,
				E5C3C24A239DDBAC009AB92F /* clear@1.5x.png in Resources */,
				E5C3C1A3239DDB84009AB92F /* check@3x.png in Resources */,
				E5C3C176239DDB6F009AB92F /* lock@3x.png in Resources */,
				E5C3C1FA239DDB95009AB92F /* item_type_3@3x.png in Resources */,
				E5C3C1FF239DDB95009AB92F /* upload@3x.png in Resources */,
				E5C3C1B6239DDB8B009AB92F /* tip@1.5x.png in Resources */,
				E5C3C174239DDB6F009AB92F /* work@2x.png in Resources */,
				E5C3C19E239DDB84009AB92F /* half@2x.png in Resources */,
				E5C3C1FC239DDB95009AB92F /* item_type_3@2x.png in Resources */,
				E5C3C213239DDB98009AB92F /* chat@3x.png in Resources */,
				E5C3C206239DDB95009AB92F /* toggle@1.5x.png in Resources */,
				E570F485238F9C2F004CAF0C /* Assets.xcassets in Resources */,
				E5C3C1EE239DDB95009AB92F /* time@2x.png in Resources */,
				E5C3C185239DDB6F009AB92F /* logo@1.5x.png in Resources */,
				E5C3C21F239DDBA0009AB92F /* exit@1.5x.png in Resources */,
				E5C3C241239DDBAC009AB92F /* description@3x.png in Resources */,
				E5C3C17B239DDB6F009AB92F /* visibility@2x.png in Resources */,
				E5C3C189239DDB6F009AB92F /* work@3x.png in Resources */,
				E5C3C183239DDB6F009AB92F /* visibility_off@1.5x.png in Resources */,
				E5C3C19C239DDB84009AB92F /* empty@3x.png in Resources */,
				E5C3C23C239DDBAC009AB92F /* failed@3x.png in Resources */,
				E5C3C1F6239DDB95009AB92F /* toggle@2x.png in Resources */,
				E5C3C249239DDBAC009AB92F /* passed@3x.png in Resources */,
				E5C3C243239DDBAC009AB92F /* passed@2x.png in Resources */,
				E5C3C178239DDB6F009AB92F /* mail@3x.png in Resources */,
				E5C3C1B8239DDB8B009AB92F /* exit_lg@3x.png in Resources */,
				E5C3C1B7239DDB8B009AB92F /* tip@3x.png in Resources */,
				E5C3C1E9239DDB95009AB92F /* time_highlight@3x.png in Resources */,
				E5C3C24C239DDBAC009AB92F /* arrow_r@3x.png in Resources */,
				E5C3C211239DDB98009AB92F /* chat@1.5x.png in Resources */,
				E5C3C24E239DDBAC009AB92F /* clear@3x.png in Resources */,
				E5C3C1F9239DDB95009AB92F /* error@1.5x.png in Resources */,
				E5C3C220239DDBA0009AB92F /* exit@2x.png in Resources */,
				E5C3C186239DDB6F009AB92F /* logo@2x.png in Resources */,
				E5C3C1F0239DDB95009AB92F /* score_pass_bg@3x.png in Resources */,
				E54CE3262394C23C002931E4 /* cinema.png in Resources */,
				E5C3C1F3239DDB95009AB92F /* right@2x.png in Resources */,
				E5C3C19F239DDB84009AB92F /* check@1.5x.png in Resources */,
				E5C3C15A239DDB63009AB92F /* account_box@2x.png in Resources */,
				E570F483238F9C2B004CAF0C /* Main.storyboard in Resources */,
				E5C3C201239DDB95009AB92F /* item_type_3@1.5x.png in Resources */,
				E5C3C20D239DDB95009AB92F /* time_highlight@2x.png in Resources */,
				E5C3C17E239DDB6F009AB92F /* user@1.5x.png in Resources */,
				E5C3C204239DDB95009AB92F /* correct@2x.png in Resources */,
				E5C3C200239DDB95009AB92F /* apps@1.5x.png in Resources */,
			);
			runOnlyForDeploymentPostprocessing = 0;
		};
/* End PBXResourcesBuildPhase section */

/* Begin PBXShellScriptBuildPhase section */
		5BE43EBD18D352914B9026DA /* [CP] Copy Pods Resources */ = {
			isa = PBXShellScriptBuildPhase;
			buildActionMask = 2147483647;
			files = (
			);
			inputFileListPaths = (
				"${PODS_ROOT}/Target Support Files/Pods-EnterpriseSafety/Pods-EnterpriseSafety-resources-${CONFIGURATION}-input-files.xcfilelist",
			);
			name = "[CP] Copy Pods Resources";
			outputFileListPaths = (
				"${PODS_ROOT}/Target Support Files/Pods-EnterpriseSafety/Pods-EnterpriseSafety-resources-${CONFIGURATION}-output-files.xcfilelist",
			);
			runOnlyForDeploymentPostprocessing = 0;
			shellPath = /bin/sh;
			shellScript = "\"${PODS_ROOT}/Target Support Files/Pods-EnterpriseSafety/Pods-EnterpriseSafety-resources.sh\"\n";
			showEnvVarsInLog = 0;
		};
		E7F6114D1BE037E394E3FFD2 /* [CP] Check Pods Manifest.lock */ = {
			isa = PBXShellScriptBuildPhase;
			buildActionMask = 2147483647;
			files = (
			);
			inputFileListPaths = (
			);
			inputPaths = (
				"${PODS_PODFILE_DIR_PATH}/Podfile.lock",
				"${PODS_ROOT}/Manifest.lock",
			);
			name = "[CP] Check Pods Manifest.lock";
			outputFileListPaths = (
			);
			outputPaths = (
				"$(DERIVED_FILE_DIR)/Pods-EnterpriseSafety-checkManifestLockResult.txt",
			);
			runOnlyForDeploymentPostprocessing = 0;
			shellPath = /bin/sh;
			shellScript = "diff \"${PODS_PODFILE_DIR_PATH}/Podfile.lock\" \"${PODS_ROOT}/Manifest.lock\" > /dev/null\nif [ $? != 0 ] ; then\n    # print error to STDERR\n    echo \"error: The sandbox is not in sync with the Podfile.lock. Run 'pod install' or update your CocoaPods installation.\" >&2\n    exit 1\nfi\n# This output is used by Xcode 'outputs' to avoid re-running this script phase.\necho \"SUCCESS\" > \"${SCRIPT_OUTPUT_FILE_0}\"\n";
			showEnvVarsInLog = 0;
		};
/* End PBXShellScriptBuildPhase section */

/* Begin PBXSourcesBuildPhase section */
		E570F471238F9C2B004CAF0C /* Sources */ = {
			isa = PBXSourcesBuildPhase;
			buildActionMask = 2147483647;
			files = (
				E596D1FA23989E6700C72F17 /* GKCycleScrollViewCell.m in Sources */,
				E501782923A382F5002AD49C /* LoginController.m in Sources */,
				E501782523A3761E002AD49C /* LearnHistoryController.m in Sources */,
				E591233223C46A0200858D17 /* ArticleBeanFrame.m in Sources */,
				E5EE3B2A23BED20400242C16 /* OpenCourseFrame.m in Sources */,
				E591232923C4246D00858D17 /* ArticleListData.m in Sources */,
				E570F47A238F9C2B004CAF0C /* AppDelegate.m in Sources */,
				E5EE3B2D23BF465D00242C16 /* OpenCourseTableVIewTitleTableViewCell.m in Sources */,
				E501783523A383D9002AD49C /* LearnPlanDetailViewController.m in Sources */,
				E541370323A9F7370025446E /* BaseViewController.m in Sources */,
				E54CE31F2394A236002931E4 /* MyCenterViewController.m in Sources */,
				E586F38323D433D4003F7E04 /* LearnPlaneDetailTableViewCell.m in Sources */,
				E5AA236723B4A039003B89DF /* OpenCourseTableViewCell.m in Sources */,
				E570F48B238F9C2F004CAF0C /* main.m in Sources */,
				E5AA236423B44A4D003B89DF /* OpenCourseData.m in Sources */,
				E596D1F923989E6700C72F17 /* GKCycleScrollView.m in Sources */,
				E591233523C4787700858D17 /* ArticleDetaileTableViewCell.m in Sources */,
				E591232C23C4261600858D17 /* ArticleDetailBean.m in Sources */,
				E582A08723D18D4C004E5AD4 /* LearnPlaneDetialBean.m in Sources */,
				E555807323B0A73D00374DCC /* CircularPrograss.m in Sources */,
				E5CB19DB23C5AE4900D021F2 /* EmptyContentView.m in Sources */,
				E54136FF23A9F0040025446E /* NetWorkManager.m in Sources */,
				E586F38023D424A4003F7E04 /* LearnPlaneBeanFrame.m in Sources */,
				E5E06DE123B1DB50004FBF24 /* LCUtils.m in Sources */,
				E5CB19D823C5A5C900D021F2 /* LoadMoreFooterView.m in Sources */,
				E501783D23A38DBE002AD49C /* MainTabBar.m in Sources */,
				E54CE3222394A251002931E4 /* CourseViewController.m in Sources */,
				E501783923A38402002AD49C /* LearnVideoViewController.m in Sources */,
				E575284223C70B3A00789A44 /* LearnHeaderView.m in Sources */,
				E555807723B0CF9E00374DCC /* SplashViewController.m in Sources */,
				E591232F23C4516600858D17 /* ArticlePageViewController.m in Sources */,
				E501782F23A38388002AD49C /* ExamViewController.m in Sources */,
				E5EE3B3023BF55D900242C16 /* LoadMoreTableViewCell.m in Sources */,
				E5747AB923AC6DA00026CECC /* Foundation+Log.m in Sources */,
				E582A08423D164C7004E5AD4 /* LearnPlaneTableView.m in Sources */,
				E55188F623B9881D0041A1F4 /* MyCoursePlaneViewController.m in Sources */,
				E555807023B0A6F500374DCC /* LCCircular.m in Sources */,
			);
			runOnlyForDeploymentPostprocessing = 0;
		};
/* End PBXSourcesBuildPhase section */

/* Begin PBXVariantGroup section */
		E570F481238F9C2B004CAF0C /* Main.storyboard */ = {
			isa = PBXVariantGroup;
			children = (
				E570F482238F9C2B004CAF0C /* Base */,
			);
			name = Main.storyboard;
			sourceTree = "<group>";
		};
		E570F486238F9C2F004CAF0C /* LaunchScreen.storyboard */ = {
			isa = PBXVariantGroup;
			children = (
				E570F487238F9C2F004CAF0C /* Base */,
			);
			name = LaunchScreen.storyboard;
			sourceTree = "<group>";
		};
/* End PBXVariantGroup section */

/* Begin XCBuildConfiguration section */
		E570F48C238F9C2F004CAF0C /* Debug */ = {
			isa = XCBuildConfiguration;
			buildSettings = {
				ALWAYS_SEARCH_USER_PATHS = NO;
				CLANG_ANALYZER_NONNULL = YES;
				CLANG_ANALYZER_NUMBER_OBJECT_CONVERSION = YES_AGGRESSIVE;
				CLANG_CXX_LANGUAGE_STANDARD = "gnu++14";
				CLANG_CXX_LIBRARY = "libc++";
				CLANG_ENABLE_MODULES = YES;
				CLANG_ENABLE_OBJC_ARC = YES;
				CLANG_ENABLE_OBJC_WEAK = YES;
				CLANG_WARN_BLOCK_CAPTURE_AUTORELEASING = YES;
				CLANG_WARN_BOOL_CONVERSION = YES;
				CLANG_WARN_COMMA = YES;
				CLANG_WARN_CONSTANT_CONVERSION = YES;
				CLANG_WARN_DEPRECATED_OBJC_IMPLEMENTATIONS = YES;
				CLANG_WARN_DIRECT_OBJC_ISA_USAGE = YES_ERROR;
				CLANG_WARN_DOCUMENTATION_COMMENTS = YES;
				CLANG_WARN_EMPTY_BODY = YES;
				CLANG_WARN_ENUM_CONVERSION = YES;
				CLANG_WARN_INFINITE_RECURSION = YES;
				CLANG_WARN_INT_CONVERSION = YES;
				CLANG_WARN_NON_LITERAL_NULL_CONVERSION = YES;
				CLANG_WARN_OBJC_IMPLICIT_RETAIN_SELF = YES;
				CLANG_WARN_OBJC_LITERAL_CONVERSION = YES;
				CLANG_WARN_OBJC_ROOT_CLASS = YES_ERROR;
				CLANG_WARN_RANGE_LOOP_ANALYSIS = YES;
				CLANG_WARN_STRICT_PROTOTYPES = YES;
				CLANG_WARN_SUSPICIOUS_MOVE = YES;
				CLANG_WARN_UNGUARDED_AVAILABILITY = YES_AGGRESSIVE;
				CLANG_WARN_UNREACHABLE_CODE = YES;
				CLANG_WARN__DUPLICATE_METHOD_MATCH = YES;
				COPY_PHASE_STRIP = NO;
				DEBUG_INFORMATION_FORMAT = dwarf;
				ENABLE_STRICT_OBJC_MSGSEND = YES;
				ENABLE_TESTABILITY = YES;
				GCC_C_LANGUAGE_STANDARD = gnu11;
				GCC_DYNAMIC_NO_PIC = NO;
				GCC_NO_COMMON_BLOCKS = YES;
				GCC_OPTIMIZATION_LEVEL = 0;
				GCC_PREPROCESSOR_DEFINITIONS = (
					"DEBUG=1",
					"$(inherited)",
				);
				GCC_WARN_64_TO_32_BIT_CONVERSION = YES;
				GCC_WARN_ABOUT_RETURN_TYPE = YES_ERROR;
				GCC_WARN_UNDECLARED_SELECTOR = YES;
				GCC_WARN_UNINITIALIZED_AUTOS = YES_AGGRESSIVE;
				GCC_WARN_UNUSED_FUNCTION = YES;
				GCC_WARN_UNUSED_VARIABLE = YES;
				IPHONEOS_DEPLOYMENT_TARGET = 12.1;
				MTL_ENABLE_DEBUG_INFO = INCLUDE_SOURCE;
				MTL_FAST_MATH = YES;
				ONLY_ACTIVE_ARCH = YES;
				SDKROOT = iphoneos;
			};
			name = Debug;
		};
		E570F48D238F9C2F004CAF0C /* Release */ = {
			isa = XCBuildConfiguration;
			buildSettings = {
				ALWAYS_SEARCH_USER_PATHS = NO;
				CLANG_ANALYZER_NONNULL = YES;
				CLANG_ANALYZER_NUMBER_OBJECT_CONVERSION = YES_AGGRESSIVE;
				CLANG_CXX_LANGUAGE_STANDARD = "gnu++14";
				CLANG_CXX_LIBRARY = "libc++";
				CLANG_ENABLE_MODULES = YES;
				CLANG_ENABLE_OBJC_ARC = YES;
				CLANG_ENABLE_OBJC_WEAK = YES;
				CLANG_WARN_BLOCK_CAPTURE_AUTORELEASING = YES;
				CLANG_WARN_BOOL_CONVERSION = YES;
				CLANG_WARN_COMMA = YES;
				CLANG_WARN_CONSTANT_CONVERSION = YES;
				CLANG_WARN_DEPRECATED_OBJC_IMPLEMENTATIONS = YES;
				CLANG_WARN_DIRECT_OBJC_ISA_USAGE = YES_ERROR;
				CLANG_WARN_DOCUMENTATION_COMMENTS = YES;
				CLANG_WARN_EMPTY_BODY = YES;
				CLANG_WARN_ENUM_CONVERSION = YES;
				CLANG_WARN_INFINITE_RECURSION = YES;
				CLANG_WARN_INT_CONVERSION = YES;
				CLANG_WARN_NON_LITERAL_NULL_CONVERSION = YES;
				CLANG_WARN_OBJC_IMPLICIT_RETAIN_SELF = YES;
				CLANG_WARN_OBJC_LITERAL_CONVERSION = YES;
				CLANG_WARN_OBJC_ROOT_CLASS = YES_ERROR;
				CLANG_WARN_RANGE_LOOP_ANALYSIS = YES;
				CLANG_WARN_STRICT_PROTOTYPES = YES;
				CLANG_WARN_SUSPICIOUS_MOVE = YES;
				CLANG_WARN_UNGUARDED_AVAILABILITY = YES_AGGRESSIVE;
				CLANG_WARN_UNREACHABLE_CODE = YES;
				CLANG_WARN__DUPLICATE_METHOD_MATCH = YES;
				COPY_PHASE_STRIP = NO;
				DEBUG_INFORMATION_FORMAT = "dwarf-with-dsym";
				ENABLE_NS_ASSERTIONS = NO;
				ENABLE_STRICT_OBJC_MSGSEND = YES;
				GCC_C_LANGUAGE_STANDARD = gnu11;
				GCC_NO_COMMON_BLOCKS = YES;
				GCC_WARN_64_TO_32_BIT_CONVERSION = YES;
				GCC_WARN_ABOUT_RETURN_TYPE = YES_ERROR;
				GCC_WARN_UNDECLARED_SELECTOR = YES;
				GCC_WARN_UNINITIALIZED_AUTOS = YES_AGGRESSIVE;
				GCC_WARN_UNUSED_FUNCTION = YES;
				GCC_WARN_UNUSED_VARIABLE = YES;
				IPHONEOS_DEPLOYMENT_TARGET = 12.1;
				MTL_ENABLE_DEBUG_INFO = NO;
				MTL_FAST_MATH = YES;
				SDKROOT = iphoneos;
				VALIDATE_PRODUCT = YES;
			};
			name = Release;
		};
		E570F48F238F9C2F004CAF0C /* Debug */ = {
			isa = XCBuildConfiguration;
			baseConfigurationReference = EAAF088EA0AD5F4C9F746636 /* Pods-EnterpriseSafety.debug.xcconfig */;
			buildSettings = {
				ASSETCATALOG_COMPILER_APPICON_NAME = AppIcon;
				CODE_SIGN_STYLE = Automatic;
				DEVELOPMENT_TEAM = 8R4PW72DGB;
				GCC_PRECOMPILE_PREFIX_HEADER = YES;
				GCC_PREFIX_HEADER = "$(SRCROOT)/EnterpriseSafety/plus/PrefixHeader.pch";
				INFOPLIST_FILE = EnterpriseSafety/Info.plist;
				LD_RUNPATH_SEARCH_PATHS = (
					"$(inherited)",
					"@executable_path/Frameworks",
				);
				PRODUCT_BUNDLE_IDENTIFIER = com.tongan.enterprisesafety.EnterpriseSafety;
				PRODUCT_NAME = "$(TARGET_NAME)";
				TARGETED_DEVICE_FAMILY = "1,2";
			};
			name = Debug;
		};
		E570F490238F9C2F004CAF0C /* Release */ = {
			isa = XCBuildConfiguration;
			baseConfigurationReference = 1B7F7829590936439CDC05DA /* Pods-EnterpriseSafety.release.xcconfig */;
			buildSettings = {
				ASSETCATALOG_COMPILER_APPICON_NAME = AppIcon;
				CODE_SIGN_STYLE = Automatic;
				DEVELOPMENT_TEAM = 8R4PW72DGB;
				GCC_PRECOMPILE_PREFIX_HEADER = YES;
				GCC_PREFIX_HEADER = "$(SRCROOT)/EnterpriseSafety/plus/PrefixHeader.pch";
				INFOPLIST_FILE = EnterpriseSafety/Info.plist;
				LD_RUNPATH_SEARCH_PATHS = (
					"$(inherited)",
					"@executable_path/Frameworks",
				);
				PRODUCT_BUNDLE_IDENTIFIER = com.tongan.enterprisesafety.EnterpriseSafety;
				PRODUCT_NAME = "$(TARGET_NAME)";
				TARGETED_DEVICE_FAMILY = "1,2";
			};
			name = Release;
		};
/* End XCBuildConfiguration section */

/* Begin XCConfigurationList section */
		E570F470238F9C2B004CAF0C /* Build configuration list for PBXProject "EnterpriseSafety" */ = {
			isa = XCConfigurationList;
			buildConfigurations = (
				E570F48C238F9C2F004CAF0C /* Debug */,
				E570F48D238F9C2F004CAF0C /* Release */,
			);
			defaultConfigurationIsVisible = 0;
			defaultConfigurationName = Release;
		};
		E570F48E238F9C2F004CAF0C /* Build configuration list for PBXNativeTarget "EnterpriseSafety" */ = {
			isa = XCConfigurationList;
			buildConfigurations = (
				E570F48F238F9C2F004CAF0C /* Debug */,
				E570F490238F9C2F004CAF0C /* Release */,
			);
			defaultConfigurationIsVisible = 0;
			defaultConfigurationName = Release;
		};
/* End XCConfigurationList section */
	};
	rootObject = E570F46D238F9C2B004CAF0C /* Project object */;
}
